
Microsoft Visual Studio Solution File, Format Version 12.00
# Visual Studio 14
VisualStudioVersion = 14.0.25420.1
MinimumVisualStudioVersion = 10.0.40219.1
Project("{FAE04EC0-301F-11D3-BF4B-00C04F79EFBC}") = "MICCookBook.Web", "MICCookBook.Web\MICCookBook.Web.csproj", "{0ED439BE-0FEE-43CD-ADC5-53C0BC716813}"
EndProject
Project("{FAE04EC0-301F-11D3-BF4B-00C04F79EFBC}") = "MICCookBook.Droid", "MICCookBook\MICCookBook.Droid\MICCookBook.Droid.csproj", "{5E522286-82C9-4801-A8E8-6CF758C9077D}"
EndProject
Project("{FAE04EC0-301F-11D3-BF4B-00C04F79EFBC}") = "MICCookBook.XCore", "MICCookBook\MICCookBook\MICCookBook.XCore.csproj", "{9ECC60F1-DA3C-4554-9896-B531F83083D7}"
EndProject
Project("{FAE04EC0-301F-11D3-BF4B-00C04F79EFBC}") = "MICCookBook.WinPhone", "MICCookBook\MICCookBook.WinPhone\MICCookBook.WinPhone.csproj", "{DF15177B-E3E4-4379-A0BE-ADBFE5F86EA8}"
EndProject
Project("{FAE04EC0-301F-11D3-BF4B-00C04F79EFBC}") = "MICCookBook.UWP", "MICCookBook\MICCookBook.UWP\MICCookBook.UWP.csproj", "{4B63B6C7-1FF7-4B17-8E14-B8256D20C9D7}"
EndProject
Project("{FAE04EC0-301F-11D3-BF4B-00C04F79EFBC}") = "MICCookBook.iOS", "MICCookBook\MICCookBook.iOS\MICCookBook.iOS.csproj", "{034FB93B-E359-4BB3-9FD2-0AD6D5575EDA}"
EndProject
Project("{FAE04EC0-301F-11D3-BF4B-00C04F79EFBC}") = "MICCookBook.Windows", "MICCookBook\MICCookBook.Windows\MICCookBook.Windows.csproj", "{43950B22-2BD3-4290-B8F3-D304E4970AFE}"
EndProject
Global
	GlobalSection(SolutionConfigurationPlatforms) = preSolution
		Ad-Hoc|Any CPU = Ad-Hoc|Any CPU
		Ad-Hoc|ARM = Ad-Hoc|ARM
		Ad-Hoc|iPhone = Ad-Hoc|iPhone
		Ad-Hoc|iPhoneSimulator = Ad-Hoc|iPhoneSimulator
		Ad-Hoc|x64 = Ad-Hoc|x64
		Ad-Hoc|x86 = Ad-Hoc|x86
		AppStore|Any CPU = AppStore|Any CPU
		AppStore|ARM = AppStore|ARM
		AppStore|iPhone = AppStore|iPhone
		AppStore|iPhoneSimulator = AppStore|iPhoneSimulator
		AppStore|x64 = AppStore|x64
		AppStore|x86 = AppStore|x86
		Debug|Any CPU = Debug|Any CPU
		Debug|ARM = Debug|ARM
		Debug|iPhone = Debug|iPhone
		Debug|iPhoneSimulator = Debug|iPhoneSimulator
		Debug|x64 = Debug|x64
		Debug|x86 = Debug|x86
		Release|Any CPU = Release|Any CPU
		Release|ARM = Release|ARM
		Release|iPhone = Release|iPhone
		Release|iPhoneSimulator = Release|iPhoneSimulator
		Release|x64 = Release|x64
		Release|x86 = Release|x86
	EndGlobalSection
	GlobalSection(ProjectConfigurationPlatforms) = postSolution
		{0ED439BE-0FEE-43CD-ADC5-53C0BC716813}.Ad-Hoc|Any CPU.ActiveCfg = Release|Any CPU
		{0ED439BE-0FEE-43CD-ADC5-53C0BC716813}.Ad-Hoc|Any CPU.Build.0 = Release|Any CPU
		{0ED439BE-0FEE-43CD-ADC5-53C0BC716813}.Ad-Hoc|ARM.ActiveCfg = Release|Any CPU
		{0ED439BE-0FEE-43CD-ADC5-53C0BC716813}.Ad-Hoc|ARM.Build.0 = Release|Any CPU
		{0ED439BE-0FEE-43CD-ADC5-53C0BC716813}.Ad-Hoc|iPhone.ActiveCfg = Release|Any CPU
		{0ED439BE-0FEE-43CD-ADC5-53C0BC716813}.Ad-Hoc|iPhone.Build.0 = Release|Any CPU
		{0ED439BE-0FEE-43CD-ADC5-53C0BC716813}.Ad-Hoc|iPhoneSimulator.ActiveCfg = Release|Any CPU
		{0ED439BE-0FEE-43CD-ADC5-53C0BC716813}.Ad-Hoc|iPhoneSimulator.Build.0 = Release|Any CPU
		{0ED439BE-0FEE-43CD-ADC5-53C0BC716813}.Ad-Hoc|x64.ActiveCfg = Release|Any CPU
		{0ED439BE-0FEE-43CD-ADC5-53C0BC716813}.Ad-Hoc|x64.Build.0 = Release|Any CPU
		{0ED439BE-0FEE-43CD-ADC5-53C0BC716813}.Ad-Hoc|x86.ActiveCfg = Release|Any CPU
		{0ED439BE-0FEE-43CD-ADC5-53C0BC716813}.Ad-Hoc|x86.Build.0 = Release|Any CPU
		{0ED439BE-0FEE-43CD-ADC5-53C0BC716813}.AppStore|Any CPU.ActiveCfg = Release|Any CPU
		{0ED439BE-0FEE-43CD-ADC5-53C0BC716813}.AppStore|Any CPU.Build.0 = Release|Any CPU
		{0ED439BE-0FEE-43CD-ADC5-53C0BC716813}.AppStore|ARM.ActiveCfg = Release|Any CPU
		{0ED439BE-0FEE-43CD-ADC5-53C0BC716813}.AppStore|ARM.Build.0 = Release|Any CPU
		{0ED439BE-0FEE-43CD-ADC5-53C0BC716813}.AppStore|iPhone.ActiveCfg = Release|Any CPU
		{0ED439BE-0FEE-43CD-ADC5-53C0BC716813}.AppStore|iPhone.Build.0 = Release|Any CPU
		{0ED439BE-0FEE-43CD-ADC5-53C0BC716813}.AppStore|iPhoneSimulator.ActiveCfg = Release|Any CPU
		{0ED439BE-0FEE-43CD-ADC5-53C0BC716813}.AppStore|iPhoneSimulator.Build.0 = Release|Any CPU
		{0ED439BE-0FEE-43CD-ADC5-53C0BC716813}.AppStore|x64.ActiveCfg = Release|Any CPU
		{0ED439BE-0FEE-43CD-ADC5-53C0BC716813}.AppStore|x64.Build.0 = Release|Any CPU
		{0ED439BE-0FEE-43CD-ADC5-53C0BC716813}.AppStore|x86.ActiveCfg = Release|Any CPU
		{0ED439BE-0FEE-43CD-ADC5-53C0BC716813}.AppStore|x86.Build.0 = Release|Any CPU
		{0ED439BE-0FEE-43CD-ADC5-53C0BC716813}.Debug|Any CPU.ActiveCfg = Debug|Any CPU
		{0ED439BE-0FEE-43CD-ADC5-53C0BC716813}.Debug|Any CPU.Build.0 = Debug|Any CPU
		{0ED439BE-0FEE-43CD-ADC5-53C0BC716813}.Debug|ARM.ActiveCfg = Debug|Any CPU
		{0ED439BE-0FEE-43CD-ADC5-53C0BC716813}.Debug|ARM.Build.0 = Debug|Any CPU
		{0ED439BE-0FEE-43CD-ADC5-53C0BC716813}.Debug|iPhone.ActiveCfg = Debug|Any CPU
		{0ED439BE-0FEE-43CD-ADC5-53C0BC716813}.Debug|iPhone.Build.0 = Debug|Any CPU
		{0ED439BE-0FEE-43CD-ADC5-53C0BC716813}.Debug|iPhoneSimulator.ActiveCfg = Debug|Any CPU
		{0ED439BE-0FEE-43CD-ADC5-53C0BC716813}.Debug|iPhoneSimulator.Build.0 = Debug|Any CPU
		{0ED439BE-0FEE-43CD-ADC5-53C0BC716813}.Debug|x64.ActiveCfg = Debug|Any CPU
		{0ED439BE-0FEE-43CD-ADC5-53C0BC716813}.Debug|x64.Build.0 = Debug|Any CPU
		{0ED439BE-0FEE-43CD-ADC5-53C0BC716813}.Debug|x86.ActiveCfg = Debug|Any CPU
		{0ED439BE-0FEE-43CD-ADC5-53C0BC716813}.Debug|x86.Build.0 = Debug|Any CPU
		{0ED439BE-0FEE-43CD-ADC5-53C0BC716813}.Release|Any CPU.ActiveCfg = Release|Any CPU
		{0ED439BE-0FEE-43CD-ADC5-53C0BC716813}.Release|Any CPU.Build.0 = Release|Any CPU
		{0ED439BE-0FEE-43CD-ADC5-53C0BC716813}.Release|ARM.ActiveCfg = Release|Any CPU
		{0ED439BE-0FEE-43CD-ADC5-53C0BC716813}.Release|ARM.Build.0 = Release|Any CPU
		{0ED439BE-0FEE-43CD-ADC5-53C0BC716813}.Release|iPhone.ActiveCfg = Release|Any CPU
		{0ED439BE-0FEE-43CD-ADC5-53C0BC716813}.Release|iPhone.Build.0 = Release|Any CPU
		{0ED439BE-0FEE-43CD-ADC5-53C0BC716813}.Release|iPhoneSimulator.ActiveCfg = Release|Any CPU
		{0ED439BE-0FEE-43CD-ADC5-53C0BC716813}.Release|iPhoneSimulator.Build.0 = Release|Any CPU
		{0ED439BE-0FEE-43CD-ADC5-53C0BC716813}.Release|x64.ActiveCfg = Release|Any CPU
		{0ED439BE-0FEE-43CD-ADC5-53C0BC716813}.Release|x64.Build.0 = Release|Any CPU
		{0ED439BE-0FEE-43CD-ADC5-53C0BC716813}.Release|x86.ActiveCfg = Release|Any CPU
		{0ED439BE-0FEE-43CD-ADC5-53C0BC716813}.Release|x86.Build.0 = Release|Any CPU
		{5E522286-82C9-4801-A8E8-6CF758C9077D}.Ad-Hoc|Any CPU.ActiveCfg = Release|Any CPU
		{5E522286-82C9-4801-A8E8-6CF758C9077D}.Ad-Hoc|Any CPU.Build.0 = Release|Any CPU
		{5E522286-82C9-4801-A8E8-6CF758C9077D}.Ad-Hoc|Any CPU.Deploy.0 = Release|Any CPU
		{5E522286-82C9-4801-A8E8-6CF758C9077D}.Ad-Hoc|ARM.ActiveCfg = Release|Any CPU
		{5E522286-82C9-4801-A8E8-6CF758C9077D}.Ad-Hoc|ARM.Build.0 = Release|Any CPU
		{5E522286-82C9-4801-A8E8-6CF758C9077D}.Ad-Hoc|ARM.Deploy.0 = Release|Any CPU
		{5E522286-82C9-4801-A8E8-6CF758C9077D}.Ad-Hoc|iPhone.ActiveCfg = Release|Any CPU
		{5E522286-82C9-4801-A8E8-6CF758C9077D}.Ad-Hoc|iPhone.Build.0 = Release|Any CPU
		{5E522286-82C9-4801-A8E8-6CF758C9077D}.Ad-Hoc|iPhone.Deploy.0 = Release|Any CPU
		{5E522286-82C9-4801-A8E8-6CF758C9077D}.Ad-Hoc|iPhoneSimulator.ActiveCfg = Release|Any CPU
		{5E522286-82C9-4801-A8E8-6CF758C9077D}.Ad-Hoc|iPhoneSimulator.Build.0 = Release|Any CPU
		{5E522286-82C9-4801-A8E8-6CF758C9077D}.Ad-Hoc|iPhoneSimulator.Deploy.0 = Release|Any CPU
		{5E522286-82C9-4801-A8E8-6CF758C9077D}.Ad-Hoc|x64.ActiveCfg = Release|Any CPU
		{5E522286-82C9-4801-A8E8-6CF758C9077D}.Ad-Hoc|x64.Build.0 = Release|Any CPU
		{5E522286-82C9-4801-A8E8-6CF758C9077D}.Ad-Hoc|x64.Deploy.0 = Release|Any CPU
		{5E522286-82C9-4801-A8E8-6CF758C9077D}.Ad-Hoc|x86.ActiveCfg = Release|Any CPU
		{5E522286-82C9-4801-A8E8-6CF758C9077D}.Ad-Hoc|x86.Build.0 = Release|Any CPU
		{5E522286-82C9-4801-A8E8-6CF758C9077D}.Ad-Hoc|x86.Deploy.0 = Release|Any CPU
		{5E522286-82C9-4801-A8E8-6CF758C9077D}.AppStore|Any CPU.ActiveCfg = Release|Any CPU
		{5E522286-82C9-4801-A8E8-6CF758C9077D}.AppStore|Any CPU.Build.0 = Release|Any CPU
		{5E522286-82C9-4801-A8E8-6CF758C9077D}.AppStore|Any CPU.Deploy.0 = Release|Any CPU
		{5E522286-82C9-4801-A8E8-6CF758C9077D}.AppStore|ARM.ActiveCfg = Release|Any CPU
		{5E522286-82C9-4801-A8E8-6CF758C9077D}.AppStore|ARM.Build.0 = Release|Any CPU
		{5E522286-82C9-4801-A8E8-6CF758C9077D}.AppStore|ARM.Deploy.0 = Release|Any CPU
		{5E522286-82C9-4801-A8E8-6CF758C9077D}.AppStore|iPhone.ActiveCfg = Release|Any CPU
		{5E522286-82C9-4801-A8E8-6CF758C9077D}.AppStore|iPhone.Build.0 = Release|Any CPU
		{5E522286-82C9-4801-A8E8-6CF758C9077D}.AppStore|iPhone.Deploy.0 = Release|Any CPU
		{5E522286-82C9-4801-A8E8-6CF758C9077D}.AppStore|iPhoneSimulator.ActiveCfg = Release|Any CPU
		{5E522286-82C9-4801-A8E8-6CF758C9077D}.AppStore|iPhoneSimulator.Build.0 = Release|Any CPU
		{5E522286-82C9-4801-A8E8-6CF758C9077D}.AppStore|iPhoneSimulator.Deploy.0 = Release|Any CPU
		{5E522286-82C9-4801-A8E8-6CF758C9077D}.AppStore|x64.ActiveCfg = Release|Any CPU
		{5E522286-82C9-4801-A8E8-6CF758C9077D}.AppStore|x64.Build.0 = Release|Any CPU
		{5E522286-82C9-4801-A8E8-6CF758C9077D}.AppStore|x64.Deploy.0 = Release|Any CPU
		{5E522286-82C9-4801-A8E8-6CF758C9077D}.AppStore|x86.ActiveCfg = Release|Any CPU
		{5E522286-82C9-4801-A8E8-6CF758C9077D}.AppStore|x86.Build.0 = Release|Any CPU
		{5E522286-82C9-4801-A8E8-6CF758C9077D}.AppStore|x86.Deploy.0 = Release|Any CPU
		{5E522286-82C9-4801-A8E8-6CF758C9077D}.Debug|Any CPU.ActiveCfg = Debug|Any CPU
		{5E522286-82C9-4801-A8E8-6CF758C9077D}.Debug|Any CPU.Build.0 = Debug|Any CPU
		{5E522286-82C9-4801-A8E8-6CF758C9077D}.Debug|Any CPU.Deploy.0 = Debug|Any CPU
		{5E522286-82C9-4801-A8E8-6CF758C9077D}.Debug|ARM.ActiveCfg = Debug|Any CPU
		{5E522286-82C9-4801-A8E8-6CF758C9077D}.Debug|ARM.Build.0 = Debug|Any CPU
		{5E522286-82C9-4801-A8E8-6CF758C9077D}.Debug|ARM.Deploy.0 = Debug|Any CPU
		{5E522286-82C9-4801-A8E8-6CF758C9077D}.Debug|iPhone.ActiveCfg = Debug|Any CPU
		{5E522286-82C9-4801-A8E8-6CF758C9077D}.Debug|iPhone.Build.0 = Debug|Any CPU
		{5E522286-82C9-4801-A8E8-6CF758C9077D}.Debug|iPhone.Deploy.0 = Debug|Any CPU
		{5E522286-82C9-4801-A8E8-6CF758C9077D}.Debug|iPhoneSimulator.ActiveCfg = Debug|Any CPU
		{5E522286-82C9-4801-A8E8-6CF758C9077D}.Debug|iPhoneSimulator.Build.0 = Debug|Any CPU
		{5E522286-82C9-4801-A8E8-6CF758C9077D}.Debug|iPhoneSimulator.Deploy.0 = Debug|Any CPU
		{5E522286-82C9-4801-A8E8-6CF758C9077D}.Debug|x64.ActiveCfg = Debug|Any CPU
		{5E522286-82C9-4801-A8E8-6CF758C9077D}.Debug|x64.Build.0 = Debug|Any CPU
		{5E522286-82C9-4801-A8E8-6CF758C9077D}.Debug|x64.Deploy.0 = Debug|Any CPU
		{5E522286-82C9-4801-A8E8-6CF758C9077D}.Debug|x86.ActiveCfg = Debug|Any CPU
		{5E522286-82C9-4801-A8E8-6CF758C9077D}.Debug|x86.Build.0 = Debug|Any CPU
		{5E522286-82C9-4801-A8E8-6CF758C9077D}.Debug|x86.Deploy.0 = Debug|Any CPU
		{5E522286-82C9-4801-A8E8-6CF758C9077D}.Release|Any CPU.ActiveCfg = Release|Any CPU
		{5E522286-82C9-4801-A8E8-6CF758C9077D}.Release|Any CPU.Build.0 = Release|Any CPU
		{5E522286-82C9-4801-A8E8-6CF758C9077D}.Release|Any CPU.Deploy.0 = Release|Any CPU
		{5E522286-82C9-4801-A8E8-6CF758C9077D}.Release|ARM.ActiveCfg = Release|Any CPU
		{5E522286-82C9-4801-A8E8-6CF758C9077D}.Release|ARM.Build.0 = Release|Any CPU
		{5E522286-82C9-4801-A8E8-6CF758C9077D}.Release|ARM.Deploy.0 = Release|Any CPU
		{5E522286-82C9-4801-A8E8-6CF758C9077D}.Release|iPhone.ActiveCfg = Release|Any CPU
		{5E522286-82C9-4801-A8E8-6CF758C9077D}.Release|iPhone.Build.0 = Release|Any CPU
		{5E522286-82C9-4801-A8E8-6CF758C9077D}.Release|iPhone.Deploy.0 = Release|Any CPU
		{5E522286-82C9-4801-A8E8-6CF758C9077D}.Release|iPhoneSimulator.ActiveCfg = Release|Any CPU
		{5E522286-82C9-4801-A8E8-6CF758C9077D}.Release|iPhoneSimulator.Build.0 = Release|Any CPU
		{5E522286-82C9-4801-A8E8-6CF758C9077D}.Release|iPhoneSimulator.Deploy.0 = Release|Any CPU
		{5E522286-82C9-4801-A8E8-6CF758C9077D}.Release|x64.ActiveCfg = Release|Any CPU
		{5E522286-82C9-4801-A8E8-6CF758C9077D}.Release|x64.Build.0 = Release|Any CPU
		{5E522286-82C9-4801-A8E8-6CF758C9077D}.Release|x64.Deploy.0 = Release|Any CPU
		{5E522286-82C9-4801-A8E8-6CF758C9077D}.Release|x86.ActiveCfg = Release|Any CPU
		{5E522286-82C9-4801-A8E8-6CF758C9077D}.Release|x86.Build.0 = Release|Any CPU
		{5E522286-82C9-4801-A8E8-6CF758C9077D}.Release|x86.Deploy.0 = Release|Any CPU
		{9ECC60F1-DA3C-4554-9896-B531F83083D7}.Ad-Hoc|Any CPU.ActiveCfg = Release|Any CPU
		{9ECC60F1-DA3C-4554-9896-B531F83083D7}.Ad-Hoc|Any CPU.Build.0 = Release|Any CPU
		{9ECC60F1-DA3C-4554-9896-B531F83083D7}.Ad-Hoc|ARM.ActiveCfg = Release|Any CPU
		{9ECC60F1-DA3C-4554-9896-B531F83083D7}.Ad-Hoc|ARM.Build.0 = Release|Any CPU
		{9ECC60F1-DA3C-4554-9896-B531F83083D7}.Ad-Hoc|iPhone.ActiveCfg = Release|Any CPU
		{9ECC60F1-DA3C-4554-9896-B531F83083D7}.Ad-Hoc|iPhone.Build.0 = Release|Any CPU
		{9ECC60F1-DA3C-4554-9896-B531F83083D7}.Ad-Hoc|iPhoneSimulator.ActiveCfg = Release|Any CPU
		{9ECC60F1-DA3C-4554-9896-B531F83083D7}.Ad-Hoc|iPhoneSimulator.Build.0 = Release|Any CPU
		{9ECC60F1-DA3C-4554-9896-B531F83083D7}.Ad-Hoc|x64.ActiveCfg = Release|Any CPU
		{9ECC60F1-DA3C-4554-9896-B531F83083D7}.Ad-Hoc|x64.Build.0 = Release|Any CPU
		{9ECC60F1-DA3C-4554-9896-B531F83083D7}.Ad-Hoc|x86.ActiveCfg = Release|Any CPU
		{9ECC60F1-DA3C-4554-9896-B531F83083D7}.Ad-Hoc|x86.Build.0 = Release|Any CPU
		{9ECC60F1-DA3C-4554-9896-B531F83083D7}.AppStore|Any CPU.ActiveCfg = Release|Any CPU
		{9ECC60F1-DA3C-4554-9896-B531F83083D7}.AppStore|Any CPU.Build.0 = Release|Any CPU
		{9ECC60F1-DA3C-4554-9896-B531F83083D7}.AppStore|ARM.ActiveCfg = Release|Any CPU
		{9ECC60F1-DA3C-4554-9896-B531F83083D7}.AppStore|ARM.Build.0 = Release|Any CPU
		{9ECC60F1-DA3C-4554-9896-B531F83083D7}.AppStore|iPhone.ActiveCfg = Release|Any CPU
		{9ECC60F1-DA3C-4554-9896-B531F83083D7}.AppStore|iPhone.Build.0 = Release|Any CPU
		{9ECC60F1-DA3C-4554-9896-B531F83083D7}.AppStore|iPhoneSimulator.ActiveCfg = Release|Any CPU
		{9ECC60F1-DA3C-4554-9896-B531F83083D7}.AppStore|iPhoneSimulator.Build.0 = Release|Any CPU
		{9ECC60F1-DA3C-4554-9896-B531F83083D7}.AppStore|x64.ActiveCfg = Release|Any CPU
		{9ECC60F1-DA3C-4554-9896-B531F83083D7}.AppStore|x64.Build.0 = Release|Any CPU
		{9ECC60F1-DA3C-4554-9896-B531F83083D7}.AppStore|x86.ActiveCfg = Release|Any CPU
		{9ECC60F1-DA3C-4554-9896-B531F83083D7}.AppStore|x86.Build.0 = Release|Any CPU
		{9ECC60F1-DA3C-4554-9896-B531F83083D7}.Debug|Any CPU.ActiveCfg = Debug|Any CPU
		{9ECC60F1-DA3C-4554-9896-B531F83083D7}.Debug|Any CPU.Build.0 = Debug|Any CPU
		{9ECC60F1-DA3C-4554-9896-B531F83083D7}.Debug|ARM.ActiveCfg = Debug|Any CPU
		{9ECC60F1-DA3C-4554-9896-B531F83083D7}.Debug|ARM.Build.0 = Debug|Any CPU
		{9ECC60F1-DA3C-4554-9896-B531F83083D7}.Debug|iPhone.ActiveCfg = Debug|Any CPU
		{9ECC60F1-DA3C-4554-9896-B531F83083D7}.Debug|iPhone.Build.0 = Debug|Any CPU
		{9ECC60F1-DA3C-4554-9896-B531F83083D7}.Debug|iPhoneSimulator.ActiveCfg = Debug|Any CPU
		{9ECC60F1-DA3C-4554-9896-B531F83083D7}.Debug|iPhoneSimulator.Build.0 = Debug|Any CPU
		{9ECC60F1-DA3C-4554-9896-B531F83083D7}.Debug|x64.ActiveCfg = Debug|Any CPU
		{9ECC60F1-DA3C-4554-9896-B531F83083D7}.Debug|x64.Build.0 = Debug|Any CPU
		{9ECC60F1-DA3C-4554-9896-B531F83083D7}.Debug|x86.ActiveCfg = Debug|Any CPU
		{9ECC60F1-DA3C-4554-9896-B531F83083D7}.Debug|x86.Build.0 = Debug|Any CPU
		{9ECC60F1-DA3C-4554-9896-B531F83083D7}.Release|Any CPU.ActiveCfg = Release|Any CPU
		{9ECC60F1-DA3C-4554-9896-B531F83083D7}.Release|Any CPU.Build.0 = Release|Any CPU
		{9ECC60F1-DA3C-4554-9896-B531F83083D7}.Release|ARM.ActiveCfg = Release|Any CPU
		{9ECC60F1-DA3C-4554-9896-B531F83083D7}.Release|ARM.Build.0 = Release|Any CPU
		{9ECC60F1-DA3C-4554-9896-B531F83083D7}.Release|iPhone.ActiveCfg = Release|Any CPU
		{9ECC60F1-DA3C-4554-9896-B531F83083D7}.Release|iPhone.Build.0 = Release|Any CPU
		{9ECC60F1-DA3C-4554-9896-B531F83083D7}.Release|iPhoneSimulator.ActiveCfg = Release|Any CPU
		{9ECC60F1-DA3C-4554-9896-B531F83083D7}.Release|iPhoneSimulator.Build.0 = Release|Any CPU
		{9ECC60F1-DA3C-4554-9896-B531F83083D7}.Release|x64.ActiveCfg = Release|Any CPU
		{9ECC60F1-DA3C-4554-9896-B531F83083D7}.Release|x64.Build.0 = Release|Any CPU
		{9ECC60F1-DA3C-4554-9896-B531F83083D7}.Release|x86.ActiveCfg = Release|Any CPU
		{9ECC60F1-DA3C-4554-9896-B531F83083D7}.Release|x86.Build.0 = Release|Any CPU
		{DF15177B-E3E4-4379-A0BE-ADBFE5F86EA8}.Ad-Hoc|Any CPU.ActiveCfg = Release|Any CPU
		{DF15177B-E3E4-4379-A0BE-ADBFE5F86EA8}.Ad-Hoc|Any CPU.Build.0 = Release|Any CPU
		{DF15177B-E3E4-4379-A0BE-ADBFE5F86EA8}.Ad-Hoc|Any CPU.Deploy.0 = Release|Any CPU
		{DF15177B-E3E4-4379-A0BE-ADBFE5F86EA8}.Ad-Hoc|ARM.ActiveCfg = Release|ARM
		{DF15177B-E3E4-4379-A0BE-ADBFE5F86EA8}.Ad-Hoc|ARM.Build.0 = Release|ARM
		{DF15177B-E3E4-4379-A0BE-ADBFE5F86EA8}.Ad-Hoc|ARM.Deploy.0 = Release|ARM
		{DF15177B-E3E4-4379-A0BE-ADBFE5F86EA8}.Ad-Hoc|iPhone.ActiveCfg = Release|Any CPU
		{DF15177B-E3E4-4379-A0BE-ADBFE5F86EA8}.Ad-Hoc|iPhone.Build.0 = Release|Any CPU
		{DF15177B-E3E4-4379-A0BE-ADBFE5F86EA8}.Ad-Hoc|iPhone.Deploy.0 = Release|Any CPU
		{DF15177B-E3E4-4379-A0BE-ADBFE5F86EA8}.Ad-Hoc|iPhoneSimulator.ActiveCfg = Release|Any CPU
		{DF15177B-E3E4-4379-A0BE-ADBFE5F86EA8}.Ad-Hoc|iPhoneSimulator.Build.0 = Release|Any CPU
		{DF15177B-E3E4-4379-A0BE-ADBFE5F86EA8}.Ad-Hoc|iPhoneSimulator.Deploy.0 = Release|Any CPU
		{DF15177B-E3E4-4379-A0BE-ADBFE5F86EA8}.Ad-Hoc|x64.ActiveCfg = Release|Any CPU
		{DF15177B-E3E4-4379-A0BE-ADBFE5F86EA8}.Ad-Hoc|x64.Build.0 = Release|Any CPU
		{DF15177B-E3E4-4379-A0BE-ADBFE5F86EA8}.Ad-Hoc|x64.Deploy.0 = Release|Any CPU
		{DF15177B-E3E4-4379-A0BE-ADBFE5F86EA8}.Ad-Hoc|x86.ActiveCfg = Release|x86
		{DF15177B-E3E4-4379-A0BE-ADBFE5F86EA8}.Ad-Hoc|x86.Build.0 = Release|x86
		{DF15177B-E3E4-4379-A0BE-ADBFE5F86EA8}.Ad-Hoc|x86.Deploy.0 = Release|x86
		{DF15177B-E3E4-4379-A0BE-ADBFE5F86EA8}.AppStore|Any CPU.ActiveCfg = Release|Any CPU
		{DF15177B-E3E4-4379-A0BE-ADBFE5F86EA8}.AppStore|Any CPU.Build.0 = Release|Any CPU
		{DF15177B-E3E4-4379-A0BE-ADBFE5F86EA8}.AppStore|Any CPU.Deploy.0 = Release|Any CPU
		{DF15177B-E3E4-4379-A0BE-ADBFE5F86EA8}.AppStore|ARM.ActiveCfg = Release|ARM
		{DF15177B-E3E4-4379-A0BE-ADBFE5F86EA8}.AppStore|ARM.Build.0 = Release|ARM
		{DF15177B-E3E4-4379-A0BE-ADBFE5F86EA8}.AppStore|ARM.Deploy.0 = Release|ARM
		{DF15177B-E3E4-4379-A0BE-ADBFE5F86EA8}.AppStore|iPhone.ActiveCfg = Release|Any CPU
		{DF15177B-E3E4-4379-A0BE-ADBFE5F86EA8}.AppStore|iPhone.Build.0 = Release|Any CPU
		{DF15177B-E3E4-4379-A0BE-ADBFE5F86EA8}.AppStore|iPhone.Deploy.0 = Release|Any CPU
		{DF15177B-E3E4-4379-A0BE-ADBFE5F86EA8}.AppStore|iPhoneSimulator.ActiveCfg = Release|Any CPU
		{DF15177B-E3E4-4379-A0BE-ADBFE5F86EA8}.AppStore|iPhoneSimulator.Build.0 = Release|Any CPU
		{DF15177B-E3E4-4379-A0BE-ADBFE5F86EA8}.AppStore|iPhoneSimulator.Deploy.0 = Release|Any CPU
		{DF15177B-E3E4-4379-A0BE-ADBFE5F86EA8}.AppStore|x64.ActiveCfg = Release|Any CPU
		{DF15177B-E3E4-4379-A0BE-ADBFE5F86EA8}.AppStore|x64.Build.0 = Release|Any CPU
		{DF15177B-E3E4-4379-A0BE-ADBFE5F86EA8}.AppStore|x64.Deploy.0 = Release|Any CPU
		{DF15177B-E3E4-4379-A0BE-ADBFE5F86EA8}.AppStore|x86.ActiveCfg = Release|x86
		{DF15177B-E3E4-4379-A0BE-ADBFE5F86EA8}.AppStore|x86.Build.0 = Release|x86
		{DF15177B-E3E4-4379-A0BE-ADBFE5F86EA8}.AppStore|x86.Deploy.0 = Release|x86
		{DF15177B-E3E4-4379-A0BE-ADBFE5F86EA8}.Debug|Any CPU.ActiveCfg = Debug|Any CPU
		{DF15177B-E3E4-4379-A0BE-ADBFE5F86EA8}.Debug|Any CPU.Build.0 = Debug|Any CPU
		{DF15177B-E3E4-4379-A0BE-ADBFE5F86EA8}.Debug|Any CPU.Deploy.0 = Debug|Any CPU
		{DF15177B-E3E4-4379-A0BE-ADBFE5F86EA8}.Debug|ARM.ActiveCfg = Debug|ARM
		{DF15177B-E3E4-4379-A0BE-ADBFE5F86EA8}.Debug|ARM.Build.0 = Debug|ARM
		{DF15177B-E3E4-4379-A0BE-ADBFE5F86EA8}.Debug|ARM.Deploy.0 = Debug|ARM
		{DF15177B-E3E4-4379-A0BE-ADBFE5F86EA8}.Debug|iPhone.ActiveCfg = Debug|Any CPU
		{DF15177B-E3E4-4379-A0BE-ADBFE5F86EA8}.Debug|iPhone.Build.0 = Debug|Any CPU
		{DF15177B-E3E4-4379-A0BE-ADBFE5F86EA8}.Debug|iPhone.Deploy.0 = Debug|Any CPU
		{DF15177B-E3E4-4379-A0BE-ADBFE5F86EA8}.Debug|iPhoneSimulator.ActiveCfg = Debug|Any CPU
		{DF15177B-E3E4-4379-A0BE-ADBFE5F86EA8}.Debug|iPhoneSimulator.Build.0 = Debug|Any CPU
		{DF15177B-E3E4-4379-A0BE-ADBFE5F86EA8}.Debug|iPhoneSimulator.Deploy.0 = Debug|Any CPU
		{DF15177B-E3E4-4379-A0BE-ADBFE5F86EA8}.Debug|x64.ActiveCfg = Debug|Any CPU
		{DF15177B-E3E4-4379-A0BE-ADBFE5F86EA8}.Debug|x64.Build.0 = Debug|Any CPU
		{DF15177B-E3E4-4379-A0BE-ADBFE5F86EA8}.Debug|x64.Deploy.0 = Debug|Any CPU
		{DF15177B-E3E4-4379-A0BE-ADBFE5F86EA8}.Debug|x86.ActiveCfg = Debug|x86
		{DF15177B-E3E4-4379-A0BE-ADBFE5F86EA8}.Debug|x86.Build.0 = Debug|x86
		{DF15177B-E3E4-4379-A0BE-ADBFE5F86EA8}.Debug|x86.Deploy.0 = Debug|x86
		{DF15177B-E3E4-4379-A0BE-ADBFE5F86EA8}.Release|Any CPU.ActiveCfg = Release|Any CPU
		{DF15177B-E3E4-4379-A0BE-ADBFE5F86EA8}.Release|Any CPU.Build.0 = Release|Any CPU
		{DF15177B-E3E4-4379-A0BE-ADBFE5F86EA8}.Release|Any CPU.Deploy.0 = Release|Any CPU
		{DF15177B-E3E4-4379-A0BE-ADBFE5F86EA8}.Release|ARM.ActiveCfg = Release|ARM
		{DF15177B-E3E4-4379-A0BE-ADBFE5F86EA8}.Release|ARM.Build.0 = Release|ARM
		{DF15177B-E3E4-4379-A0BE-ADBFE5F86EA8}.Release|ARM.Deploy.0 = Release|ARM
		{DF15177B-E3E4-4379-A0BE-ADBFE5F86EA8}.Release|iPhone.ActiveCfg = Release|Any CPU
		{DF15177B-E3E4-4379-A0BE-ADBFE5F86EA8}.Release|iPhone.Build.0 = Release|Any CPU
		{DF15177B-E3E4-4379-A0BE-ADBFE5F86EA8}.Release|iPhone.Deploy.0 = Release|Any CPU
		{DF15177B-E3E4-4379-A0BE-ADBFE5F86EA8}.Release|iPhoneSimulator.ActiveCfg = Release|Any CPU
		{DF15177B-E3E4-4379-A0BE-ADBFE5F86EA8}.Release|iPhoneSimulator.Build.0 = Release|Any CPU
		{DF15177B-E3E4-4379-A0BE-ADBFE5F86EA8}.Release|iPhoneSimulator.Deploy.0 = Release|Any CPU
		{DF15177B-E3E4-4379-A0BE-ADBFE5F86EA8}.Release|x64.ActiveCfg = Release|Any CPU
		{DF15177B-E3E4-4379-A0BE-ADBFE5F86EA8}.Release|x64.Build.0 = Release|Any CPU
		{DF15177B-E3E4-4379-A0BE-ADBFE5F86EA8}.Release|x64.Deploy.0 = Release|Any CPU
		{DF15177B-E3E4-4379-A0BE-ADBFE5F86EA8}.Release|x86.ActiveCfg = Release|x86
		{DF15177B-E3E4-4379-A0BE-ADBFE5F86EA8}.Release|x86.Build.0 = Release|x86
		{DF15177B-E3E4-4379-A0BE-ADBFE5F86EA8}.Release|x86.Deploy.0 = Release|x86
		{4B63B6C7-1FF7-4B17-8E14-B8256D20C9D7}.Ad-Hoc|Any CPU.ActiveCfg = Release|x86
		{4B63B6C7-1FF7-4B17-8E14-B8256D20C9D7}.Ad-Hoc|Any CPU.Build.0 = Release|x86
		{4B63B6C7-1FF7-4B17-8E14-B8256D20C9D7}.Ad-Hoc|Any CPU.Deploy.0 = Release|x86
		{4B63B6C7-1FF7-4B17-8E14-B8256D20C9D7}.Ad-Hoc|ARM.ActiveCfg = Release|ARM
		{4B63B6C7-1FF7-4B17-8E14-B8256D20C9D7}.Ad-Hoc|ARM.Build.0 = Release|ARM
		{4B63B6C7-1FF7-4B17-8E14-B8256D20C9D7}.Ad-Hoc|ARM.Deploy.0 = Release|ARM
		{4B63B6C7-1FF7-4B17-8E14-B8256D20C9D7}.Ad-Hoc|iPhone.ActiveCfg = Release|x86
		{4B63B6C7-1FF7-4B17-8E14-B8256D20C9D7}.Ad-Hoc|iPhone.Build.0 = Release|x86
		{4B63B6C7-1FF7-4B17-8E14-B8256D20C9D7}.Ad-Hoc|iPhone.Deploy.0 = Release|x86
		{4B63B6C7-1FF7-4B17-8E14-B8256D20C9D7}.Ad-Hoc|iPhoneSimulator.ActiveCfg = Release|x86
		{4B63B6C7-1FF7-4B17-8E14-B8256D20C9D7}.Ad-Hoc|iPhoneSimulator.Build.0 = Release|x86
		{4B63B6C7-1FF7-4B17-8E14-B8256D20C9D7}.Ad-Hoc|iPhoneSimulator.Deploy.0 = Release|x86
		{4B63B6C7-1FF7-4B17-8E14-B8256D20C9D7}.Ad-Hoc|x64.ActiveCfg = Release|x64
		{4B63B6C7-1FF7-4B17-8E14-B8256D20C9D7}.Ad-Hoc|x64.Build.0 = Release|x64
		{4B63B6C7-1FF7-4B17-8E14-B8256D20C9D7}.Ad-Hoc|x64.Deploy.0 = Release|x64
		{4B63B6C7-1FF7-4B17-8E14-B8256D20C9D7}.Ad-Hoc|x86.ActiveCfg = Release|x86
		{4B63B6C7-1FF7-4B17-8E14-B8256D20C9D7}.Ad-Hoc|x86.Build.0 = Release|x86
		{4B63B6C7-1FF7-4B17-8E14-B8256D20C9D7}.Ad-Hoc|x86.Deploy.0 = Release|x86
		{4B63B6C7-1FF7-4B17-8E14-B8256D20C9D7}.AppStore|Any CPU.ActiveCfg = Release|x86
		{4B63B6C7-1FF7-4B17-8E14-B8256D20C9D7}.AppStore|Any CPU.Build.0 = Release|x86
		{4B63B6C7-1FF7-4B17-8E14-B8256D20C9D7}.AppStore|Any CPU.Deploy.0 = Release|x86
		{4B63B6C7-1FF7-4B17-8E14-B8256D20C9D7}.AppStore|ARM.ActiveCfg = Release|ARM
		{4B63B6C7-1FF7-4B17-8E14-B8256D20C9D7}.AppStore|ARM.Build.0 = Release|ARM
		{4B63B6C7-1FF7-4B17-8E14-B8256D20C9D7}.AppStore|ARM.Deploy.0 = Release|ARM
		{4B63B6C7-1FF7-4B17-8E14-B8256D20C9D7}.AppStore|iPhone.ActiveCfg = Release|x86
		{4B63B6C7-1FF7-4B17-8E14-B8256D20C9D7}.AppStore|iPhone.Build.0 = Release|x86
		{4B63B6C7-1FF7-4B17-8E14-B8256D20C9D7}.AppStore|iPhone.Deploy.0 = Release|x86
		{4B63B6C7-1FF7-4B17-8E14-B8256D20C9D7}.AppStore|iPhoneSimulator.ActiveCfg = Release|x86
		{4B63B6C7-1FF7-4B17-8E14-B8256D20C9D7}.AppStore|iPhoneSimulator.Build.0 = Release|x86
		{4B63B6C7-1FF7-4B17-8E14-B8256D20C9D7}.AppStore|iPhoneSimulator.Deploy.0 = Release|x86
		{4B63B6C7-1FF7-4B17-8E14-B8256D20C9D7}.AppStore|x64.ActiveCfg = Release|x64
		{4B63B6C7-1FF7-4B17-8E14-B8256D20C9D7}.AppStore|x64.Build.0 = Release|x64
		{4B63B6C7-1FF7-4B17-8E14-B8256D20C9D7}.AppStore|x64.Deploy.0 = Release|x64
		{4B63B6C7-1FF7-4B17-8E14-B8256D20C9D7}.AppStore|x86.ActiveCfg = Release|x86
		{4B63B6C7-1FF7-4B17-8E14-B8256D20C9D7}.AppStore|x86.Build.0 = Release|x86
		{4B63B6C7-1FF7-4B17-8E14-B8256D20C9D7}.AppStore|x86.Deploy.0 = Release|x86
		{4B63B6C7-1FF7-4B17-8E14-B8256D20C9D7}.Debug|Any CPU.ActiveCfg = Debug|x86
		{4B63B6C7-1FF7-4B17-8E14-B8256D20C9D7}.Debug|ARM.ActiveCfg = Debug|ARM
		{4B63B6C7-1FF7-4B17-8E14-B8256D20C9D7}.Debug|ARM.Build.0 = Debug|ARM
		{4B63B6C7-1FF7-4B17-8E14-B8256D20C9D7}.Debug|ARM.Deploy.0 = Debug|ARM
		{4B63B6C7-1FF7-4B17-8E14-B8256D20C9D7}.Debug|iPhone.ActiveCfg = Debug|x86
		{4B63B6C7-1FF7-4B17-8E14-B8256D20C9D7}.Debug|iPhoneSimulator.ActiveCfg = Debug|x86
		{4B63B6C7-1FF7-4B17-8E14-B8256D20C9D7}.Debug|x64.ActiveCfg = Debug|x64
		{4B63B6C7-1FF7-4B17-8E14-B8256D20C9D7}.Debug|x64.Build.0 = Debug|x64
		{4B63B6C7-1FF7-4B17-8E14-B8256D20C9D7}.Debug|x64.Deploy.0 = Debug|x64
		{4B63B6C7-1FF7-4B17-8E14-B8256D20C9D7}.Debug|x86.ActiveCfg = Debug|x86
		{4B63B6C7-1FF7-4B17-8E14-B8256D20C9D7}.Debug|x86.Build.0 = Debug|x86
		{4B63B6C7-1FF7-4B17-8E14-B8256D20C9D7}.Debug|x86.Deploy.0 = Debug|x86
		{4B63B6C7-1FF7-4B17-8E14-B8256D20C9D7}.Release|Any CPU.ActiveCfg = Release|x86
		{4B63B6C7-1FF7-4B17-8E14-B8256D20C9D7}.Release|ARM.ActiveCfg = Release|ARM
		{4B63B6C7-1FF7-4B17-8E14-B8256D20C9D7}.Release|ARM.Build.0 = Release|ARM
		{4B63B6C7-1FF7-4B17-8E14-B8256D20C9D7}.Release|ARM.Deploy.0 = Release|ARM
		{4B63B6C7-1FF7-4B17-8E14-B8256D20C9D7}.Release|iPhone.ActiveCfg = Release|x86
		{4B63B6C7-1FF7-4B17-8E14-B8256D20C9D7}.Release|iPhoneSimulator.ActiveCfg = Release|x86
		{4B63B6C7-1FF7-4B17-8E14-B8256D20C9D7}.Release|x64.ActiveCfg = Release|x64
		{4B63B6C7-1FF7-4B17-8E14-B8256D20C9D7}.Release|x64.Build.0 = Release|x64
		{4B63B6C7-1FF7-4B17-8E14-B8256D20C9D7}.Release|x64.Deploy.0 = Release|x64
		{4B63B6C7-1FF7-4B17-8E14-B8256D20C9D7}.Release|x86.ActiveCfg = Release|x86
		{4B63B6C7-1FF7-4B17-8E14-B8256D20C9D7}.Release|x86.Build.0 = Release|x86
		{4B63B6C7-1FF7-4B17-8E14-B8256D20C9D7}.Release|x86.Deploy.0 = Release|x86
		{034FB93B-E359-4BB3-9FD2-0AD6D5575EDA}.Ad-Hoc|Any CPU.ActiveCfg = Ad-Hoc|iPhone
		{034FB93B-E359-4BB3-9FD2-0AD6D5575EDA}.Ad-Hoc|ARM.ActiveCfg = Ad-Hoc|iPhone
		{034FB93B-E359-4BB3-9FD2-0AD6D5575EDA}.Ad-Hoc|iPhone.ActiveCfg = Ad-Hoc|iPhone
		{034FB93B-E359-4BB3-9FD2-0AD6D5575EDA}.Ad-Hoc|iPhone.Build.0 = Ad-Hoc|iPhone
		{034FB93B-E359-4BB3-9FD2-0AD6D5575EDA}.Ad-Hoc|iPhoneSimulator.ActiveCfg = Ad-Hoc|iPhoneSimulator
		{034FB93B-E359-4BB3-9FD2-0AD6D5575EDA}.Ad-Hoc|iPhoneSimulator.Build.0 = Ad-Hoc|iPhoneSimulator
		{034FB93B-E359-4BB3-9FD2-0AD6D5575EDA}.Ad-Hoc|x64.ActiveCfg = Ad-Hoc|iPhone
		{034FB93B-E359-4BB3-9FD2-0AD6D5575EDA}.Ad-Hoc|x86.ActiveCfg = Ad-Hoc|iPhone
		{034FB93B-E359-4BB3-9FD2-0AD6D5575EDA}.AppStore|Any CPU.ActiveCfg = AppStore|iPhone
		{034FB93B-E359-4BB3-9FD2-0AD6D5575EDA}.AppStore|ARM.ActiveCfg = AppStore|iPhone
		{034FB93B-E359-4BB3-9FD2-0AD6D5575EDA}.AppStore|iPhone.ActiveCfg = AppStore|iPhone
		{034FB93B-E359-4BB3-9FD2-0AD6D5575EDA}.AppStore|iPhone.Build.0 = AppStore|iPhone
		{034FB93B-E359-4BB3-9FD2-0AD6D5575EDA}.AppStore|iPhoneSimulator.ActiveCfg = AppStore|iPhoneSimulator
		{034FB93B-E359-4BB3-9FD2-0AD6D5575EDA}.AppStore|iPhoneSimulator.Build.0 = AppStore|iPhoneSimulator
		{034FB93B-E359-4BB3-9FD2-0AD6D5575EDA}.AppStore|x64.ActiveCfg = AppStore|iPhone
		{034FB93B-E359-4BB3-9FD2-0AD6D5575EDA}.AppStore|x86.ActiveCfg = AppStore|iPhone
		{034FB93B-E359-4BB3-9FD2-0AD6D5575EDA}.Debug|Any CPU.ActiveCfg = Debug|iPhone
		{034FB93B-E359-4BB3-9FD2-0AD6D5575EDA}.Debug|ARM.ActiveCfg = Debug|iPhone
		{034FB93B-E359-4BB3-9FD2-0AD6D5575EDA}.Debug|iPhone.ActiveCfg = Debug|iPhone
		{034FB93B-E359-4BB3-9FD2-0AD6D5575EDA}.Debug|iPhone.Build.0 = Debug|iPhone
		{034FB93B-E359-4BB3-9FD2-0AD6D5575EDA}.Debug|iPhoneSimulator.ActiveCfg = Debug|iPhoneSimulator
		{034FB93B-E359-4BB3-9FD2-0AD6D5575EDA}.Debug|iPhoneSimulator.Build.0 = Debug|iPhoneSimulator
		{034FB93B-E359-4BB3-9FD2-0AD6D5575EDA}.Debug|x64.ActiveCfg = Debug|iPhone
		{034FB93B-E359-4BB3-9FD2-0AD6D5575EDA}.Debug|x86.ActiveCfg = Debug|iPhone
		{034FB93B-E359-4BB3-9FD2-0AD6D5575EDA}.Release|Any CPU.ActiveCfg = Release|iPhone
		{034FB93B-E359-4BB3-9FD2-0AD6D5575EDA}.Release|ARM.ActiveCfg = Release|iPhone
		{034FB93B-E359-4BB3-9FD2-0AD6D5575EDA}.Release|iPhone.ActiveCfg = Release|iPhone
		{034FB93B-E359-4BB3-9FD2-0AD6D5575EDA}.Release|iPhone.Build.0 = Release|iPhone
		{034FB93B-E359-4BB3-9FD2-0AD6D5575EDA}.Release|iPhoneSimulator.ActiveCfg = Release|iPhoneSimulator
		{034FB93B-E359-4BB3-9FD2-0AD6D5575EDA}.Release|iPhoneSimulator.Build.0 = Release|iPhoneSimulator
		{034FB93B-E359-4BB3-9FD2-0AD6D5575EDA}.Release|x64.ActiveCfg = Release|iPhone
		{034FB93B-E359-4BB3-9FD2-0AD6D5575EDA}.Release|x86.ActiveCfg = Release|iPhone
		{43950B22-2BD3-4290-B8F3-D304E4970AFE}.Ad-Hoc|Any CPU.ActiveCfg = Release|Any CPU
		{43950B22-2BD3-4290-B8F3-D304E4970AFE}.Ad-Hoc|Any CPU.Build.0 = Release|Any CPU
		{43950B22-2BD3-4290-B8F3-D304E4970AFE}.Ad-Hoc|Any CPU.Deploy.0 = Release|Any CPU
		{43950B22-2BD3-4290-B8F3-D304E4970AFE}.Ad-Hoc|ARM.ActiveCfg = Release|ARM
		{43950B22-2BD3-4290-B8F3-D304E4970AFE}.Ad-Hoc|ARM.Build.0 = Release|ARM
		{43950B22-2BD3-4290-B8F3-D304E4970AFE}.Ad-Hoc|ARM.Deploy.0 = Release|ARM
		{43950B22-2BD3-4290-B8F3-D304E4970AFE}.Ad-Hoc|iPhone.ActiveCfg = Release|Any CPU
		{43950B22-2BD3-4290-B8F3-D304E4970AFE}.Ad-Hoc|iPhone.Build.0 = Release|Any CPU
		{43950B22-2BD3-4290-B8F3-D304E4970AFE}.Ad-Hoc|iPhone.Deploy.0 = Release|Any CPU
		{43950B22-2BD3-4290-B8F3-D304E4970AFE}.Ad-Hoc|iPhoneSimulator.ActiveCfg = Release|Any CPU
		{43950B22-2BD3-4290-B8F3-D304E4970AFE}.Ad-Hoc|iPhoneSimulator.Build.0 = Release|Any CPU
		{43950B22-2BD3-4290-B8F3-D304E4970AFE}.Ad-Hoc|iPhoneSimulator.Deploy.0 = Release|Any CPU
		{43950B22-2BD3-4290-B8F3-D304E4970AFE}.Ad-Hoc|x64.ActiveCfg = Release|x64
		{43950B22-2BD3-4290-B8F3-D304E4970AFE}.Ad-Hoc|x64.Build.0 = Release|x64
		{43950B22-2BD3-4290-B8F3-D304E4970AFE}.Ad-Hoc|x64.Deploy.0 = Release|x64
		{43950B22-2BD3-4290-B8F3-D304E4970AFE}.Ad-Hoc|x86.ActiveCfg = Release|x86
		{43950B22-2BD3-4290-B8F3-D304E4970AFE}.Ad-Hoc|x86.Build.0 = Release|x86
		{43950B22-2BD3-4290-B8F3-D304E4970AFE}.Ad-Hoc|x86.Deploy.0 = Release|x86
		{43950B22-2BD3-4290-B8F3-D304E4970AFE}.AppStore|Any CPU.ActiveCfg = Release|Any CPU
		{43950B22-2BD3-4290-B8F3-D304E4970AFE}.AppStore|Any CPU.Build.0 = Release|Any CPU
		{43950B22-2BD3-4290-B8F3-D304E4970AFE}.AppStore|Any CPU.Deploy.0 = Release|Any CPU
		{43950B22-2BD3-4290-B8F3-D304E4970AFE}.AppStore|ARM.ActiveCfg = Release|ARM
		{43950B22-2BD3-4290-B8F3-D304E4970AFE}.AppStore|ARM.Build.0 = Release|ARM
		{43950B22-2BD3-4290-B8F3-D304E4970AFE}.AppStore|ARM.Deploy.0 = Release|ARM
		{43950B22-2BD3-4290-B8F3-D304E4970AFE}.AppStore|iPhone.ActiveCfg = Release|Any CPU
		{43950B22-2BD3-4290-B8F3-D304E4970AFE}.AppStore|iPhone.Build.0 = Release|Any CPU
		{43950B22-2BD3-4290-B8F3-D304E4970AFE}.AppStore|iPhone.Deploy.0 = Release|Any CPU
		{43950B22-2BD3-4290-B8F3-D304E4970AFE}.AppStore|iPhoneSimulator.ActiveCfg = Release|Any CPU
		{43950B22-2BD3-4290-B8F3-D304E4970AFE}.AppStore|iPhoneSimulator.Build.0 = Release|Any CPU
		{43950B22-2BD3-4290-B8F3-D304E4970AFE}.AppStore|iPhoneSimulator.Deploy.0 = Release|Any CPU
		{43950B22-2BD3-4290-B8F3-D304E4970AFE}.AppStore|x64.ActiveCfg = Release|x64
		{43950B22-2BD3-4290-B8F3-D304E4970AFE}.AppStore|x64.Build.0 = Release|x64
		{43950B22-2BD3-4290-B8F3-D304E4970AFE}.AppStore|x64.Deploy.0 = Release|x64
		{43950B22-2BD3-4290-B8F3-D304E4970AFE}.AppStore|x86.ActiveCfg = Release|x86
		{43950B22-2BD3-4290-B8F3-D304E4970AFE}.AppStore|x86.Build.0 = Release|x86
		{43950B22-2BD3-4290-B8F3-D304E4970AFE}.AppStore|x86.Deploy.0 = Release|x86
		{43950B22-2BD3-4290-B8F3-D304E4970AFE}.Debug|Any CPU.ActiveCfg = Debug|Any CPU
		{43950B22-2BD3-4290-B8F3-D304E4970AFE}.Debug|Any CPU.Build.0 = Debug|Any CPU
		{43950B22-2BD3-4290-B8F3-D304E4970AFE}.Debug|Any CPU.Deploy.0 = Debug|Any CPU
		{43950B22-2BD3-4290-B8F3-D304E4970AFE}.Debug|ARM.ActiveCfg = Debug|ARM
		{43950B22-2BD3-4290-B8F3-D304E4970AFE}.Debug|ARM.Build.0 = Debug|ARM
		{43950B22-2BD3-4290-B8F3-D304E4970AFE}.Debug|ARM.Deploy.0 = Debug|ARM
		{43950B22-2BD3-4290-B8F3-D304E4970AFE}.Debug|iPhone.ActiveCfg = Debug|Any CPU
		{43950B22-2BD3-4290-B8F3-D304E4970AFE}.Debug|iPhone.Build.0 = Debug|Any CPU
		{43950B22-2BD3-4290-B8F3-D304E4970AFE}.Debug|iPhone.Deploy.0 = Debug|Any CPU
		{43950B22-2BD3-4290-B8F3-D304E4970AFE}.Debug|iPhoneSimulator.ActiveCfg = Debug|Any CPU
		{43950B22-2BD3-4290-B8F3-D304E4970AFE}.Debug|iPhoneSimulator.Build.0 = Debug|Any CPU
		{43950B22-2BD3-4290-B8F3-D304E4970AFE}.Debug|iPhoneSimulator.Deploy.0 = Debug|Any CPU
		{43950B22-2BD3-4290-B8F3-D304E4970AFE}.Debug|x64.ActiveCfg = Debug|x64
		{43950B22-2BD3-4290-B8F3-D304E4970AFE}.Debug|x64.Build.0 = Debug|x64
		{43950B22-2BD3-4290-B8F3-D304E4970AFE}.Debug|x64.Deploy.0 = Debug|x64
		{43950B22-2BD3-4290-B8F3-D304E4970AFE}.Debug|x86.ActiveCfg = Debug|x86
		{43950B22-2BD3-4290-B8F3-D304E4970AFE}.Debug|x86.Build.0 = Debug|x86
		{43950B22-2BD3-4290-B8F3-D304E4970AFE}.Debug|x86.Deploy.0 = Debug|x86
		{43950B22-2BD3-4290-B8F3-D304E4970AFE}.Release|Any CPU.ActiveCfg = Release|Any CPU
		{43950B22-2BD3-4290-B8F3-D304E4970AFE}.Release|Any CPU.Build.0 = Release|Any CPU
		{43950B22-2BD3-4290-B8F3-D304E4970AFE}.Release|Any CPU.Deploy.0 = Release|Any CPU
		{43950B22-2BD3-4290-B8F3-D304E4970AFE}.Release|ARM.ActiveCfg = Release|ARM
		{43950B22-2BD3-4290-B8F3-D304E4970AFE}.Release|ARM.Build.0 = Release|ARM
		{43950B22-2BD3-4290-B8F3-D304E4970AFE}.Release|ARM.Deploy.0 = Release|ARM
		{43950B22-2BD3-4290-B8F3-D304E4970AFE}.Release|iPhone.ActiveCfg = Release|Any CPU
		{43950B22-2BD3-4290-B8F3-D304E4970AFE}.Release|iPhone.Build.0 = Release|Any CPU
		{43950B22-2BD3-4290-B8F3-D304E4970AFE}.Release|iPhone.Deploy.0 = Release|Any CPU
		{43950B22-2BD3-4290-B8F3-D304E4970AFE}.Release|iPhoneSimulator.ActiveCfg = Release|Any CPU
		{43950B22-2BD3-4290-B8F3-D304E4970AFE}.Release|iPhoneSimulator.Build.0 = Release|Any CPU
		{43950B22-2BD3-4290-B8F3-D304E4970AFE}.Release|iPhoneSimulator.Deploy.0 = Release|Any CPU
		{43950B22-2BD3-4290-B8F3-D304E4970AFE}.Release|x64.ActiveCfg = Release|x64
		{43950B22-2BD3-4290-B8F3-D304E4970AFE}.Release|x64.Build.0 = Release|x64
		{43950B22-2BD3-4290-B8F3-D304E4970AFE}.Release|x64.Deploy.0 = Release|x64
		{43950B22-2BD3-4290-B8F3-D304E4970AFE}.Release|x86.ActiveCfg = Release|x86
		{43950B22-2BD3-4290-B8F3-D304E4970AFE}.Release|x86.Build.0 = Release|x86
		{43950B22-2BD3-4290-B8F3-D304E4970AFE}.Release|x86.Deploy.0 = Release|x86
	EndGlobalSection
	GlobalSection(SolutionProperties) = preSolution
		HideSolutionNode = FALSE
	EndGlobalSection
EndGlobal
