
Microsoft Visual Studio Solution File, Format Version 12.00
# Visual Studio 15
VisualStudioVersion = 15.0.27004.2002
MinimumVisualStudioVersion = 10.0.40219.1
Project("{FAE04EC0-301F-11D3-BF4B-00C04F79EFBC}") = "MICCookBook.Web", "MICCookBook.Web\MICCookBook.Web.csproj", "{0ED439BE-0FEE-43CD-ADC5-53C0BC716813}"
EndProject
Project("{FAE04EC0-301F-11D3-BF4B-00C04F79EFBC}") = "MICCookBook.Bot", "MICCookBook.Bot\MICCookBook.Bot.csproj", "{A8BA1066-5695-4D71-ABB4-65E5A5E0C3D4}"
EndProject
Project("{FAE04EC0-301F-11D3-BF4B-00C04F79EFBC}") = "MICCookBook.SDK", "MICCookBook.SDK\MICCookBook.SDK.csproj", "{B8EAC06F-1239-4280-A89E-61182E97C95A}"
EndProject
Project("{2150E333-8FDC-42A3-9474-1A3956D46DE8}") = "Xamarin", "Xamarin", "{7B028028-03E8-4E95-8DB9-CE1343857679}"
EndProject
Project("{FAE04EC0-301F-11D3-BF4B-00C04F79EFBC}") = "MICCookBook.Android", "MICCookBook\MICCookBook.Android\MICCookBook.Android.csproj", "{D4E3FFEE-4CC9-4F7E-AAD8-FB7CEDF1C391}"
EndProject
Project("{FAE04EC0-301F-11D3-BF4B-00C04F79EFBC}") = "MICCookBook", "MICCookBook\MICCookBook\MICCookBook.csproj", "{5B01A240-9EF7-46B6-B9DC-EB9609224D09}"
EndProject
Project("{FAE04EC0-301F-11D3-BF4B-00C04F79EFBC}") = "MICCookBook.UWP", "MICCookBook\MICCookBook.UWP\MICCookBook.UWP.csproj", "{F9FD304B-5CB4-4E3A-87E1-8561A4C0D1A5}"
EndProject
Project("{FAE04EC0-301F-11D3-BF4B-00C04F79EFBC}") = "MICCookBook.iOS", "MICCookBook\MICCookBook.iOS\MICCookBook.iOS.csproj", "{C7E13EB3-1FC3-4921-8344-9A7A991D52F4}"
EndProject
Project("{2150E333-8FDC-42A3-9474-1A3956D46DE8}") = "UWP", "UWP", "{D6952F5B-E043-4DB0-BB1A-7F2777134F24}"
EndProject
Project("{FAE04EC0-301F-11D3-BF4B-00C04F79EFBC}") = "MICCookBook.Universal", "MICCookBook.Universal\MICCookBook.Universal.csproj", "{F6F27242-5102-4376-863D-9FE19353868B}"
EndProject
Global
	GlobalSection(SolutionConfigurationPlatforms) = preSolution
		Ad-Hoc|Any CPU = Ad-Hoc|Any CPU
		Ad-Hoc|ARM = Ad-Hoc|ARM
		Ad-Hoc|iPhone = Ad-Hoc|iPhone
		Ad-Hoc|iPhoneSimulator = Ad-Hoc|iPhoneSimulator
		Ad-Hoc|x64 = Ad-Hoc|x64
		Ad-Hoc|x86 = Ad-Hoc|x86
		AppStore|Any CPU = AppStore|Any CPU
		AppStore|ARM = AppStore|ARM
		AppStore|iPhone = AppStore|iPhone
		AppStore|iPhoneSimulator = AppStore|iPhoneSimulator
		AppStore|x64 = AppStore|x64
		AppStore|x86 = AppStore|x86
		Debug|Any CPU = Debug|Any CPU
		Debug|ARM = Debug|ARM
		Debug|iPhone = Debug|iPhone
		Debug|iPhoneSimulator = Debug|iPhoneSimulator
		Debug|x64 = Debug|x64
		Debug|x86 = Debug|x86
		Release|Any CPU = Release|Any CPU
		Release|ARM = Release|ARM
		Release|iPhone = Release|iPhone
		Release|iPhoneSimulator = Release|iPhoneSimulator
		Release|x64 = Release|x64
		Release|x86 = Release|x86
	EndGlobalSection
	GlobalSection(ProjectConfigurationPlatforms) = postSolution
		{0ED439BE-0FEE-43CD-ADC5-53C0BC716813}.Ad-Hoc|Any CPU.ActiveCfg = Release|Any CPU
		{0ED439BE-0FEE-43CD-ADC5-53C0BC716813}.Ad-Hoc|Any CPU.Build.0 = Release|Any CPU
		{0ED439BE-0FEE-43CD-ADC5-53C0BC716813}.Ad-Hoc|ARM.ActiveCfg = Release|Any CPU
		{0ED439BE-0FEE-43CD-ADC5-53C0BC716813}.Ad-Hoc|ARM.Build.0 = Release|Any CPU
		{0ED439BE-0FEE-43CD-ADC5-53C0BC716813}.Ad-Hoc|iPhone.ActiveCfg = Release|Any CPU
		{0ED439BE-0FEE-43CD-ADC5-53C0BC716813}.Ad-Hoc|iPhone.Build.0 = Release|Any CPU
		{0ED439BE-0FEE-43CD-ADC5-53C0BC716813}.Ad-Hoc|iPhoneSimulator.ActiveCfg = Release|Any CPU
		{0ED439BE-0FEE-43CD-ADC5-53C0BC716813}.Ad-Hoc|iPhoneSimulator.Build.0 = Release|Any CPU
		{0ED439BE-0FEE-43CD-ADC5-53C0BC716813}.Ad-Hoc|x64.ActiveCfg = Release|Any CPU
		{0ED439BE-0FEE-43CD-ADC5-53C0BC716813}.Ad-Hoc|x64.Build.0 = Release|Any CPU
		{0ED439BE-0FEE-43CD-ADC5-53C0BC716813}.Ad-Hoc|x86.ActiveCfg = Release|Any CPU
		{0ED439BE-0FEE-43CD-ADC5-53C0BC716813}.Ad-Hoc|x86.Build.0 = Release|Any CPU
		{0ED439BE-0FEE-43CD-ADC5-53C0BC716813}.AppStore|Any CPU.ActiveCfg = Release|Any CPU
		{0ED439BE-0FEE-43CD-ADC5-53C0BC716813}.AppStore|Any CPU.Build.0 = Release|Any CPU
		{0ED439BE-0FEE-43CD-ADC5-53C0BC716813}.AppStore|ARM.ActiveCfg = Release|Any CPU
		{0ED439BE-0FEE-43CD-ADC5-53C0BC716813}.AppStore|ARM.Build.0 = Release|Any CPU
		{0ED439BE-0FEE-43CD-ADC5-53C0BC716813}.AppStore|iPhone.ActiveCfg = Release|Any CPU
		{0ED439BE-0FEE-43CD-ADC5-53C0BC716813}.AppStore|iPhone.Build.0 = Release|Any CPU
		{0ED439BE-0FEE-43CD-ADC5-53C0BC716813}.AppStore|iPhoneSimulator.ActiveCfg = Release|Any CPU
		{0ED439BE-0FEE-43CD-ADC5-53C0BC716813}.AppStore|iPhoneSimulator.Build.0 = Release|Any CPU
		{0ED439BE-0FEE-43CD-ADC5-53C0BC716813}.AppStore|x64.ActiveCfg = Release|Any CPU
		{0ED439BE-0FEE-43CD-ADC5-53C0BC716813}.AppStore|x64.Build.0 = Release|Any CPU
		{0ED439BE-0FEE-43CD-ADC5-53C0BC716813}.AppStore|x86.ActiveCfg = Release|Any CPU
		{0ED439BE-0FEE-43CD-ADC5-53C0BC716813}.AppStore|x86.Build.0 = Release|Any CPU
		{0ED439BE-0FEE-43CD-ADC5-53C0BC716813}.Debug|Any CPU.ActiveCfg = Debug|Any CPU
		{0ED439BE-0FEE-43CD-ADC5-53C0BC716813}.Debug|Any CPU.Build.0 = Debug|Any CPU
		{0ED439BE-0FEE-43CD-ADC5-53C0BC716813}.Debug|ARM.ActiveCfg = Debug|Any CPU
		{0ED439BE-0FEE-43CD-ADC5-53C0BC716813}.Debug|ARM.Build.0 = Debug|Any CPU
		{0ED439BE-0FEE-43CD-ADC5-53C0BC716813}.Debug|iPhone.ActiveCfg = Debug|Any CPU
		{0ED439BE-0FEE-43CD-ADC5-53C0BC716813}.Debug|iPhone.Build.0 = Debug|Any CPU
		{0ED439BE-0FEE-43CD-ADC5-53C0BC716813}.Debug|iPhoneSimulator.ActiveCfg = Debug|Any CPU
		{0ED439BE-0FEE-43CD-ADC5-53C0BC716813}.Debug|iPhoneSimulator.Build.0 = Debug|Any CPU
		{0ED439BE-0FEE-43CD-ADC5-53C0BC716813}.Debug|x64.ActiveCfg = Debug|Any CPU
		{0ED439BE-0FEE-43CD-ADC5-53C0BC716813}.Debug|x64.Build.0 = Debug|Any CPU
		{0ED439BE-0FEE-43CD-ADC5-53C0BC716813}.Debug|x86.ActiveCfg = Debug|Any CPU
		{0ED439BE-0FEE-43CD-ADC5-53C0BC716813}.Debug|x86.Build.0 = Debug|Any CPU
		{0ED439BE-0FEE-43CD-ADC5-53C0BC716813}.Release|Any CPU.ActiveCfg = Release|Any CPU
		{0ED439BE-0FEE-43CD-ADC5-53C0BC716813}.Release|Any CPU.Build.0 = Release|Any CPU
		{0ED439BE-0FEE-43CD-ADC5-53C0BC716813}.Release|ARM.ActiveCfg = Release|Any CPU
		{0ED439BE-0FEE-43CD-ADC5-53C0BC716813}.Release|ARM.Build.0 = Release|Any CPU
		{0ED439BE-0FEE-43CD-ADC5-53C0BC716813}.Release|iPhone.ActiveCfg = Release|Any CPU
		{0ED439BE-0FEE-43CD-ADC5-53C0BC716813}.Release|iPhone.Build.0 = Release|Any CPU
		{0ED439BE-0FEE-43CD-ADC5-53C0BC716813}.Release|iPhoneSimulator.ActiveCfg = Release|Any CPU
		{0ED439BE-0FEE-43CD-ADC5-53C0BC716813}.Release|iPhoneSimulator.Build.0 = Release|Any CPU
		{0ED439BE-0FEE-43CD-ADC5-53C0BC716813}.Release|x64.ActiveCfg = Release|Any CPU
		{0ED439BE-0FEE-43CD-ADC5-53C0BC716813}.Release|x64.Build.0 = Release|Any CPU
		{0ED439BE-0FEE-43CD-ADC5-53C0BC716813}.Release|x86.ActiveCfg = Release|Any CPU
		{0ED439BE-0FEE-43CD-ADC5-53C0BC716813}.Release|x86.Build.0 = Release|Any CPU
		{A8BA1066-5695-4D71-ABB4-65E5A5E0C3D4}.Ad-Hoc|Any CPU.ActiveCfg = Release|Any CPU
		{A8BA1066-5695-4D71-ABB4-65E5A5E0C3D4}.Ad-Hoc|Any CPU.Build.0 = Release|Any CPU
		{A8BA1066-5695-4D71-ABB4-65E5A5E0C3D4}.Ad-Hoc|ARM.ActiveCfg = Release|Any CPU
		{A8BA1066-5695-4D71-ABB4-65E5A5E0C3D4}.Ad-Hoc|ARM.Build.0 = Release|Any CPU
		{A8BA1066-5695-4D71-ABB4-65E5A5E0C3D4}.Ad-Hoc|iPhone.ActiveCfg = Release|Any CPU
		{A8BA1066-5695-4D71-ABB4-65E5A5E0C3D4}.Ad-Hoc|iPhone.Build.0 = Release|Any CPU
		{A8BA1066-5695-4D71-ABB4-65E5A5E0C3D4}.Ad-Hoc|iPhoneSimulator.ActiveCfg = Release|Any CPU
		{A8BA1066-5695-4D71-ABB4-65E5A5E0C3D4}.Ad-Hoc|iPhoneSimulator.Build.0 = Release|Any CPU
		{A8BA1066-5695-4D71-ABB4-65E5A5E0C3D4}.Ad-Hoc|x64.ActiveCfg = Release|Any CPU
		{A8BA1066-5695-4D71-ABB4-65E5A5E0C3D4}.Ad-Hoc|x64.Build.0 = Release|Any CPU
		{A8BA1066-5695-4D71-ABB4-65E5A5E0C3D4}.Ad-Hoc|x86.ActiveCfg = Release|Any CPU
		{A8BA1066-5695-4D71-ABB4-65E5A5E0C3D4}.Ad-Hoc|x86.Build.0 = Release|Any CPU
		{A8BA1066-5695-4D71-ABB4-65E5A5E0C3D4}.AppStore|Any CPU.ActiveCfg = Release|Any CPU
		{A8BA1066-5695-4D71-ABB4-65E5A5E0C3D4}.AppStore|Any CPU.Build.0 = Release|Any CPU
		{A8BA1066-5695-4D71-ABB4-65E5A5E0C3D4}.AppStore|ARM.ActiveCfg = Release|Any CPU
		{A8BA1066-5695-4D71-ABB4-65E5A5E0C3D4}.AppStore|ARM.Build.0 = Release|Any CPU
		{A8BA1066-5695-4D71-ABB4-65E5A5E0C3D4}.AppStore|iPhone.ActiveCfg = Release|Any CPU
		{A8BA1066-5695-4D71-ABB4-65E5A5E0C3D4}.AppStore|iPhone.Build.0 = Release|Any CPU
		{A8BA1066-5695-4D71-ABB4-65E5A5E0C3D4}.AppStore|iPhoneSimulator.ActiveCfg = Release|Any CPU
		{A8BA1066-5695-4D71-ABB4-65E5A5E0C3D4}.AppStore|iPhoneSimulator.Build.0 = Release|Any CPU
		{A8BA1066-5695-4D71-ABB4-65E5A5E0C3D4}.AppStore|x64.ActiveCfg = Release|Any CPU
		{A8BA1066-5695-4D71-ABB4-65E5A5E0C3D4}.AppStore|x64.Build.0 = Release|Any CPU
		{A8BA1066-5695-4D71-ABB4-65E5A5E0C3D4}.AppStore|x86.ActiveCfg = Release|Any CPU
		{A8BA1066-5695-4D71-ABB4-65E5A5E0C3D4}.AppStore|x86.Build.0 = Release|Any CPU
		{A8BA1066-5695-4D71-ABB4-65E5A5E0C3D4}.Debug|Any CPU.ActiveCfg = Debug|Any CPU
		{A8BA1066-5695-4D71-ABB4-65E5A5E0C3D4}.Debug|Any CPU.Build.0 = Debug|Any CPU
		{A8BA1066-5695-4D71-ABB4-65E5A5E0C3D4}.Debug|ARM.ActiveCfg = Debug|Any CPU
		{A8BA1066-5695-4D71-ABB4-65E5A5E0C3D4}.Debug|ARM.Build.0 = Debug|Any CPU
		{A8BA1066-5695-4D71-ABB4-65E5A5E0C3D4}.Debug|iPhone.ActiveCfg = Debug|Any CPU
		{A8BA1066-5695-4D71-ABB4-65E5A5E0C3D4}.Debug|iPhone.Build.0 = Debug|Any CPU
		{A8BA1066-5695-4D71-ABB4-65E5A5E0C3D4}.Debug|iPhoneSimulator.ActiveCfg = Debug|Any CPU
		{A8BA1066-5695-4D71-ABB4-65E5A5E0C3D4}.Debug|iPhoneSimulator.Build.0 = Debug|Any CPU
		{A8BA1066-5695-4D71-ABB4-65E5A5E0C3D4}.Debug|x64.ActiveCfg = Debug|Any CPU
		{A8BA1066-5695-4D71-ABB4-65E5A5E0C3D4}.Debug|x64.Build.0 = Debug|Any CPU
		{A8BA1066-5695-4D71-ABB4-65E5A5E0C3D4}.Debug|x86.ActiveCfg = Debug|Any CPU
		{A8BA1066-5695-4D71-ABB4-65E5A5E0C3D4}.Debug|x86.Build.0 = Debug|Any CPU
		{A8BA1066-5695-4D71-ABB4-65E5A5E0C3D4}.Release|Any CPU.ActiveCfg = Release|Any CPU
		{A8BA1066-5695-4D71-ABB4-65E5A5E0C3D4}.Release|Any CPU.Build.0 = Release|Any CPU
		{A8BA1066-5695-4D71-ABB4-65E5A5E0C3D4}.Release|ARM.ActiveCfg = Release|Any CPU
		{A8BA1066-5695-4D71-ABB4-65E5A5E0C3D4}.Release|ARM.Build.0 = Release|Any CPU
		{A8BA1066-5695-4D71-ABB4-65E5A5E0C3D4}.Release|iPhone.ActiveCfg = Release|Any CPU
		{A8BA1066-5695-4D71-ABB4-65E5A5E0C3D4}.Release|iPhone.Build.0 = Release|Any CPU
		{A8BA1066-5695-4D71-ABB4-65E5A5E0C3D4}.Release|iPhoneSimulator.ActiveCfg = Release|Any CPU
		{A8BA1066-5695-4D71-ABB4-65E5A5E0C3D4}.Release|iPhoneSimulator.Build.0 = Release|Any CPU
		{A8BA1066-5695-4D71-ABB4-65E5A5E0C3D4}.Release|x64.ActiveCfg = Release|Any CPU
		{A8BA1066-5695-4D71-ABB4-65E5A5E0C3D4}.Release|x64.Build.0 = Release|Any CPU
		{A8BA1066-5695-4D71-ABB4-65E5A5E0C3D4}.Release|x86.ActiveCfg = Release|Any CPU
		{A8BA1066-5695-4D71-ABB4-65E5A5E0C3D4}.Release|x86.Build.0 = Release|Any CPU
		{B8EAC06F-1239-4280-A89E-61182E97C95A}.Ad-Hoc|Any CPU.ActiveCfg = Release|Any CPU
		{B8EAC06F-1239-4280-A89E-61182E97C95A}.Ad-Hoc|Any CPU.Build.0 = Release|Any CPU
		{B8EAC06F-1239-4280-A89E-61182E97C95A}.Ad-Hoc|ARM.ActiveCfg = Release|Any CPU
		{B8EAC06F-1239-4280-A89E-61182E97C95A}.Ad-Hoc|ARM.Build.0 = Release|Any CPU
		{B8EAC06F-1239-4280-A89E-61182E97C95A}.Ad-Hoc|iPhone.ActiveCfg = Release|Any CPU
		{B8EAC06F-1239-4280-A89E-61182E97C95A}.Ad-Hoc|iPhone.Build.0 = Release|Any CPU
		{B8EAC06F-1239-4280-A89E-61182E97C95A}.Ad-Hoc|iPhoneSimulator.ActiveCfg = Release|Any CPU
		{B8EAC06F-1239-4280-A89E-61182E97C95A}.Ad-Hoc|iPhoneSimulator.Build.0 = Release|Any CPU
		{B8EAC06F-1239-4280-A89E-61182E97C95A}.Ad-Hoc|x64.ActiveCfg = Release|Any CPU
		{B8EAC06F-1239-4280-A89E-61182E97C95A}.Ad-Hoc|x64.Build.0 = Release|Any CPU
		{B8EAC06F-1239-4280-A89E-61182E97C95A}.Ad-Hoc|x86.ActiveCfg = Release|Any CPU
		{B8EAC06F-1239-4280-A89E-61182E97C95A}.Ad-Hoc|x86.Build.0 = Release|Any CPU
		{B8EAC06F-1239-4280-A89E-61182E97C95A}.AppStore|Any CPU.ActiveCfg = Release|Any CPU
		{B8EAC06F-1239-4280-A89E-61182E97C95A}.AppStore|Any CPU.Build.0 = Release|Any CPU
		{B8EAC06F-1239-4280-A89E-61182E97C95A}.AppStore|ARM.ActiveCfg = Release|Any CPU
		{B8EAC06F-1239-4280-A89E-61182E97C95A}.AppStore|ARM.Build.0 = Release|Any CPU
		{B8EAC06F-1239-4280-A89E-61182E97C95A}.AppStore|iPhone.ActiveCfg = Release|Any CPU
		{B8EAC06F-1239-4280-A89E-61182E97C95A}.AppStore|iPhone.Build.0 = Release|Any CPU
		{B8EAC06F-1239-4280-A89E-61182E97C95A}.AppStore|iPhoneSimulator.ActiveCfg = Release|Any CPU
		{B8EAC06F-1239-4280-A89E-61182E97C95A}.AppStore|iPhoneSimulator.Build.0 = Release|Any CPU
		{B8EAC06F-1239-4280-A89E-61182E97C95A}.AppStore|x64.ActiveCfg = Release|Any CPU
		{B8EAC06F-1239-4280-A89E-61182E97C95A}.AppStore|x64.Build.0 = Release|Any CPU
		{B8EAC06F-1239-4280-A89E-61182E97C95A}.AppStore|x86.ActiveCfg = Release|Any CPU
		{B8EAC06F-1239-4280-A89E-61182E97C95A}.AppStore|x86.Build.0 = Release|Any CPU
		{B8EAC06F-1239-4280-A89E-61182E97C95A}.Debug|Any CPU.ActiveCfg = Debug|Any CPU
		{B8EAC06F-1239-4280-A89E-61182E97C95A}.Debug|Any CPU.Build.0 = Debug|Any CPU
		{B8EAC06F-1239-4280-A89E-61182E97C95A}.Debug|ARM.ActiveCfg = Debug|Any CPU
		{B8EAC06F-1239-4280-A89E-61182E97C95A}.Debug|ARM.Build.0 = Debug|Any CPU
		{B8EAC06F-1239-4280-A89E-61182E97C95A}.Debug|iPhone.ActiveCfg = Debug|Any CPU
		{B8EAC06F-1239-4280-A89E-61182E97C95A}.Debug|iPhone.Build.0 = Debug|Any CPU
		{B8EAC06F-1239-4280-A89E-61182E97C95A}.Debug|iPhoneSimulator.ActiveCfg = Debug|Any CPU
		{B8EAC06F-1239-4280-A89E-61182E97C95A}.Debug|iPhoneSimulator.Build.0 = Debug|Any CPU
		{B8EAC06F-1239-4280-A89E-61182E97C95A}.Debug|x64.ActiveCfg = Debug|Any CPU
		{B8EAC06F-1239-4280-A89E-61182E97C95A}.Debug|x64.Build.0 = Debug|Any CPU
		{B8EAC06F-1239-4280-A89E-61182E97C95A}.Debug|x86.ActiveCfg = Debug|Any CPU
		{B8EAC06F-1239-4280-A89E-61182E97C95A}.Debug|x86.Build.0 = Debug|Any CPU
		{B8EAC06F-1239-4280-A89E-61182E97C95A}.Release|Any CPU.ActiveCfg = Release|Any CPU
		{B8EAC06F-1239-4280-A89E-61182E97C95A}.Release|Any CPU.Build.0 = Release|Any CPU
		{B8EAC06F-1239-4280-A89E-61182E97C95A}.Release|ARM.ActiveCfg = Release|Any CPU
		{B8EAC06F-1239-4280-A89E-61182E97C95A}.Release|ARM.Build.0 = Release|Any CPU
		{B8EAC06F-1239-4280-A89E-61182E97C95A}.Release|iPhone.ActiveCfg = Release|Any CPU
		{B8EAC06F-1239-4280-A89E-61182E97C95A}.Release|iPhone.Build.0 = Release|Any CPU
		{B8EAC06F-1239-4280-A89E-61182E97C95A}.Release|iPhoneSimulator.ActiveCfg = Release|Any CPU
		{B8EAC06F-1239-4280-A89E-61182E97C95A}.Release|iPhoneSimulator.Build.0 = Release|Any CPU
		{B8EAC06F-1239-4280-A89E-61182E97C95A}.Release|x64.ActiveCfg = Release|Any CPU
		{B8EAC06F-1239-4280-A89E-61182E97C95A}.Release|x64.Build.0 = Release|Any CPU
		{B8EAC06F-1239-4280-A89E-61182E97C95A}.Release|x86.ActiveCfg = Release|Any CPU
		{B8EAC06F-1239-4280-A89E-61182E97C95A}.Release|x86.Build.0 = Release|Any CPU
		{D4E3FFEE-4CC9-4F7E-AAD8-FB7CEDF1C391}.Ad-Hoc|Any CPU.ActiveCfg = Release|Any CPU
		{D4E3FFEE-4CC9-4F7E-AAD8-FB7CEDF1C391}.Ad-Hoc|Any CPU.Build.0 = Release|Any CPU
		{D4E3FFEE-4CC9-4F7E-AAD8-FB7CEDF1C391}.Ad-Hoc|Any CPU.Deploy.0 = Release|Any CPU
		{D4E3FFEE-4CC9-4F7E-AAD8-FB7CEDF1C391}.Ad-Hoc|ARM.ActiveCfg = Release|Any CPU
		{D4E3FFEE-4CC9-4F7E-AAD8-FB7CEDF1C391}.Ad-Hoc|ARM.Build.0 = Release|Any CPU
		{D4E3FFEE-4CC9-4F7E-AAD8-FB7CEDF1C391}.Ad-Hoc|ARM.Deploy.0 = Release|Any CPU
		{D4E3FFEE-4CC9-4F7E-AAD8-FB7CEDF1C391}.Ad-Hoc|iPhone.ActiveCfg = Release|Any CPU
		{D4E3FFEE-4CC9-4F7E-AAD8-FB7CEDF1C391}.Ad-Hoc|iPhone.Build.0 = Release|Any CPU
		{D4E3FFEE-4CC9-4F7E-AAD8-FB7CEDF1C391}.Ad-Hoc|iPhone.Deploy.0 = Release|Any CPU
		{D4E3FFEE-4CC9-4F7E-AAD8-FB7CEDF1C391}.Ad-Hoc|iPhoneSimulator.ActiveCfg = Release|Any CPU
		{D4E3FFEE-4CC9-4F7E-AAD8-FB7CEDF1C391}.Ad-Hoc|iPhoneSimulator.Build.0 = Release|Any CPU
		{D4E3FFEE-4CC9-4F7E-AAD8-FB7CEDF1C391}.Ad-Hoc|iPhoneSimulator.Deploy.0 = Release|Any CPU
		{D4E3FFEE-4CC9-4F7E-AAD8-FB7CEDF1C391}.Ad-Hoc|x64.ActiveCfg = Release|Any CPU
		{D4E3FFEE-4CC9-4F7E-AAD8-FB7CEDF1C391}.Ad-Hoc|x64.Build.0 = Release|Any CPU
		{D4E3FFEE-4CC9-4F7E-AAD8-FB7CEDF1C391}.Ad-Hoc|x64.Deploy.0 = Release|Any CPU
		{D4E3FFEE-4CC9-4F7E-AAD8-FB7CEDF1C391}.Ad-Hoc|x86.ActiveCfg = Release|Any CPU
		{D4E3FFEE-4CC9-4F7E-AAD8-FB7CEDF1C391}.Ad-Hoc|x86.Build.0 = Release|Any CPU
		{D4E3FFEE-4CC9-4F7E-AAD8-FB7CEDF1C391}.Ad-Hoc|x86.Deploy.0 = Release|Any CPU
		{D4E3FFEE-4CC9-4F7E-AAD8-FB7CEDF1C391}.AppStore|Any CPU.ActiveCfg = Release|Any CPU
		{D4E3FFEE-4CC9-4F7E-AAD8-FB7CEDF1C391}.AppStore|Any CPU.Build.0 = Release|Any CPU
		{D4E3FFEE-4CC9-4F7E-AAD8-FB7CEDF1C391}.AppStore|Any CPU.Deploy.0 = Release|Any CPU
		{D4E3FFEE-4CC9-4F7E-AAD8-FB7CEDF1C391}.AppStore|ARM.ActiveCfg = Release|Any CPU
		{D4E3FFEE-4CC9-4F7E-AAD8-FB7CEDF1C391}.AppStore|ARM.Build.0 = Release|Any CPU
		{D4E3FFEE-4CC9-4F7E-AAD8-FB7CEDF1C391}.AppStore|ARM.Deploy.0 = Release|Any CPU
		{D4E3FFEE-4CC9-4F7E-AAD8-FB7CEDF1C391}.AppStore|iPhone.ActiveCfg = Release|Any CPU
		{D4E3FFEE-4CC9-4F7E-AAD8-FB7CEDF1C391}.AppStore|iPhone.Build.0 = Release|Any CPU
		{D4E3FFEE-4CC9-4F7E-AAD8-FB7CEDF1C391}.AppStore|iPhone.Deploy.0 = Release|Any CPU
		{D4E3FFEE-4CC9-4F7E-AAD8-FB7CEDF1C391}.AppStore|iPhoneSimulator.ActiveCfg = Release|Any CPU
		{D4E3FFEE-4CC9-4F7E-AAD8-FB7CEDF1C391}.AppStore|iPhoneSimulator.Build.0 = Release|Any CPU
		{D4E3FFEE-4CC9-4F7E-AAD8-FB7CEDF1C391}.AppStore|iPhoneSimulator.Deploy.0 = Release|Any CPU
		{D4E3FFEE-4CC9-4F7E-AAD8-FB7CEDF1C391}.AppStore|x64.ActiveCfg = Release|Any CPU
		{D4E3FFEE-4CC9-4F7E-AAD8-FB7CEDF1C391}.AppStore|x64.Build.0 = Release|Any CPU
		{D4E3FFEE-4CC9-4F7E-AAD8-FB7CEDF1C391}.AppStore|x64.Deploy.0 = Release|Any CPU
		{D4E3FFEE-4CC9-4F7E-AAD8-FB7CEDF1C391}.AppStore|x86.ActiveCfg = Release|Any CPU
		{D4E3FFEE-4CC9-4F7E-AAD8-FB7CEDF1C391}.AppStore|x86.Build.0 = Release|Any CPU
		{D4E3FFEE-4CC9-4F7E-AAD8-FB7CEDF1C391}.AppStore|x86.Deploy.0 = Release|Any CPU
		{D4E3FFEE-4CC9-4F7E-AAD8-FB7CEDF1C391}.Debug|Any CPU.ActiveCfg = Debug|Any CPU
		{D4E3FFEE-4CC9-4F7E-AAD8-FB7CEDF1C391}.Debug|Any CPU.Build.0 = Debug|Any CPU
		{D4E3FFEE-4CC9-4F7E-AAD8-FB7CEDF1C391}.Debug|Any CPU.Deploy.0 = Debug|Any CPU
		{D4E3FFEE-4CC9-4F7E-AAD8-FB7CEDF1C391}.Debug|ARM.ActiveCfg = Debug|Any CPU
		{D4E3FFEE-4CC9-4F7E-AAD8-FB7CEDF1C391}.Debug|ARM.Build.0 = Debug|Any CPU
		{D4E3FFEE-4CC9-4F7E-AAD8-FB7CEDF1C391}.Debug|ARM.Deploy.0 = Debug|Any CPU
		{D4E3FFEE-4CC9-4F7E-AAD8-FB7CEDF1C391}.Debug|iPhone.ActiveCfg = Debug|Any CPU
		{D4E3FFEE-4CC9-4F7E-AAD8-FB7CEDF1C391}.Debug|iPhone.Build.0 = Debug|Any CPU
		{D4E3FFEE-4CC9-4F7E-AAD8-FB7CEDF1C391}.Debug|iPhone.Deploy.0 = Debug|Any CPU
		{D4E3FFEE-4CC9-4F7E-AAD8-FB7CEDF1C391}.Debug|iPhoneSimulator.ActiveCfg = Debug|Any CPU
		{D4E3FFEE-4CC9-4F7E-AAD8-FB7CEDF1C391}.Debug|iPhoneSimulator.Build.0 = Debug|Any CPU
		{D4E3FFEE-4CC9-4F7E-AAD8-FB7CEDF1C391}.Debug|iPhoneSimulator.Deploy.0 = Debug|Any CPU
		{D4E3FFEE-4CC9-4F7E-AAD8-FB7CEDF1C391}.Debug|x64.ActiveCfg = Debug|Any CPU
		{D4E3FFEE-4CC9-4F7E-AAD8-FB7CEDF1C391}.Debug|x64.Build.0 = Debug|Any CPU
		{D4E3FFEE-4CC9-4F7E-AAD8-FB7CEDF1C391}.Debug|x64.Deploy.0 = Debug|Any CPU
		{D4E3FFEE-4CC9-4F7E-AAD8-FB7CEDF1C391}.Debug|x86.ActiveCfg = Debug|Any CPU
		{D4E3FFEE-4CC9-4F7E-AAD8-FB7CEDF1C391}.Debug|x86.Build.0 = Debug|Any CPU
		{D4E3FFEE-4CC9-4F7E-AAD8-FB7CEDF1C391}.Debug|x86.Deploy.0 = Debug|Any CPU
		{D4E3FFEE-4CC9-4F7E-AAD8-FB7CEDF1C391}.Release|Any CPU.ActiveCfg = Release|Any CPU
		{D4E3FFEE-4CC9-4F7E-AAD8-FB7CEDF1C391}.Release|Any CPU.Build.0 = Release|Any CPU
		{D4E3FFEE-4CC9-4F7E-AAD8-FB7CEDF1C391}.Release|Any CPU.Deploy.0 = Release|Any CPU
		{D4E3FFEE-4CC9-4F7E-AAD8-FB7CEDF1C391}.Release|ARM.ActiveCfg = Release|Any CPU
		{D4E3FFEE-4CC9-4F7E-AAD8-FB7CEDF1C391}.Release|ARM.Build.0 = Release|Any CPU
		{D4E3FFEE-4CC9-4F7E-AAD8-FB7CEDF1C391}.Release|ARM.Deploy.0 = Release|Any CPU
		{D4E3FFEE-4CC9-4F7E-AAD8-FB7CEDF1C391}.Release|iPhone.ActiveCfg = Release|Any CPU
		{D4E3FFEE-4CC9-4F7E-AAD8-FB7CEDF1C391}.Release|iPhone.Build.0 = Release|Any CPU
		{D4E3FFEE-4CC9-4F7E-AAD8-FB7CEDF1C391}.Release|iPhone.Deploy.0 = Release|Any CPU
		{D4E3FFEE-4CC9-4F7E-AAD8-FB7CEDF1C391}.Release|iPhoneSimulator.ActiveCfg = Release|Any CPU
		{D4E3FFEE-4CC9-4F7E-AAD8-FB7CEDF1C391}.Release|iPhoneSimulator.Build.0 = Release|Any CPU
		{D4E3FFEE-4CC9-4F7E-AAD8-FB7CEDF1C391}.Release|iPhoneSimulator.Deploy.0 = Release|Any CPU
		{D4E3FFEE-4CC9-4F7E-AAD8-FB7CEDF1C391}.Release|x64.ActiveCfg = Release|Any CPU
		{D4E3FFEE-4CC9-4F7E-AAD8-FB7CEDF1C391}.Release|x64.Build.0 = Release|Any CPU
		{D4E3FFEE-4CC9-4F7E-AAD8-FB7CEDF1C391}.Release|x64.Deploy.0 = Release|Any CPU
		{D4E3FFEE-4CC9-4F7E-AAD8-FB7CEDF1C391}.Release|x86.ActiveCfg = Release|Any CPU
		{D4E3FFEE-4CC9-4F7E-AAD8-FB7CEDF1C391}.Release|x86.Build.0 = Release|Any CPU
		{D4E3FFEE-4CC9-4F7E-AAD8-FB7CEDF1C391}.Release|x86.Deploy.0 = Release|Any CPU
		{5B01A240-9EF7-46B6-B9DC-EB9609224D09}.Ad-Hoc|Any CPU.ActiveCfg = Release|Any CPU
		{5B01A240-9EF7-46B6-B9DC-EB9609224D09}.Ad-Hoc|Any CPU.Build.0 = Release|Any CPU
		{5B01A240-9EF7-46B6-B9DC-EB9609224D09}.Ad-Hoc|ARM.ActiveCfg = Release|Any CPU
		{5B01A240-9EF7-46B6-B9DC-EB9609224D09}.Ad-Hoc|ARM.Build.0 = Release|Any CPU
		{5B01A240-9EF7-46B6-B9DC-EB9609224D09}.Ad-Hoc|iPhone.ActiveCfg = Release|Any CPU
		{5B01A240-9EF7-46B6-B9DC-EB9609224D09}.Ad-Hoc|iPhone.Build.0 = Release|Any CPU
		{5B01A240-9EF7-46B6-B9DC-EB9609224D09}.Ad-Hoc|iPhoneSimulator.ActiveCfg = Release|Any CPU
		{5B01A240-9EF7-46B6-B9DC-EB9609224D09}.Ad-Hoc|iPhoneSimulator.Build.0 = Release|Any CPU
		{5B01A240-9EF7-46B6-B9DC-EB9609224D09}.Ad-Hoc|x64.ActiveCfg = Release|Any CPU
		{5B01A240-9EF7-46B6-B9DC-EB9609224D09}.Ad-Hoc|x64.Build.0 = Release|Any CPU
		{5B01A240-9EF7-46B6-B9DC-EB9609224D09}.Ad-Hoc|x86.ActiveCfg = Release|Any CPU
		{5B01A240-9EF7-46B6-B9DC-EB9609224D09}.Ad-Hoc|x86.Build.0 = Release|Any CPU
		{5B01A240-9EF7-46B6-B9DC-EB9609224D09}.AppStore|Any CPU.ActiveCfg = Release|Any CPU
		{5B01A240-9EF7-46B6-B9DC-EB9609224D09}.AppStore|Any CPU.Build.0 = Release|Any CPU
		{5B01A240-9EF7-46B6-B9DC-EB9609224D09}.AppStore|ARM.ActiveCfg = Release|Any CPU
		{5B01A240-9EF7-46B6-B9DC-EB9609224D09}.AppStore|ARM.Build.0 = Release|Any CPU
		{5B01A240-9EF7-46B6-B9DC-EB9609224D09}.AppStore|iPhone.ActiveCfg = Release|Any CPU
		{5B01A240-9EF7-46B6-B9DC-EB9609224D09}.AppStore|iPhone.Build.0 = Release|Any CPU
		{5B01A240-9EF7-46B6-B9DC-EB9609224D09}.AppStore|iPhoneSimulator.ActiveCfg = Release|Any CPU
		{5B01A240-9EF7-46B6-B9DC-EB9609224D09}.AppStore|iPhoneSimulator.Build.0 = Release|Any CPU
		{5B01A240-9EF7-46B6-B9DC-EB9609224D09}.AppStore|x64.ActiveCfg = Release|Any CPU
		{5B01A240-9EF7-46B6-B9DC-EB9609224D09}.AppStore|x64.Build.0 = Release|Any CPU
		{5B01A240-9EF7-46B6-B9DC-EB9609224D09}.AppStore|x86.ActiveCfg = Release|Any CPU
		{5B01A240-9EF7-46B6-B9DC-EB9609224D09}.AppStore|x86.Build.0 = Release|Any CPU
		{5B01A240-9EF7-46B6-B9DC-EB9609224D09}.Debug|Any CPU.ActiveCfg = Debug|Any CPU
		{5B01A240-9EF7-46B6-B9DC-EB9609224D09}.Debug|Any CPU.Build.0 = Debug|Any CPU
		{5B01A240-9EF7-46B6-B9DC-EB9609224D09}.Debug|ARM.ActiveCfg = Debug|Any CPU
		{5B01A240-9EF7-46B6-B9DC-EB9609224D09}.Debug|ARM.Build.0 = Debug|Any CPU
		{5B01A240-9EF7-46B6-B9DC-EB9609224D09}.Debug|iPhone.ActiveCfg = Debug|Any CPU
		{5B01A240-9EF7-46B6-B9DC-EB9609224D09}.Debug|iPhone.Build.0 = Debug|Any CPU
		{5B01A240-9EF7-46B6-B9DC-EB9609224D09}.Debug|iPhoneSimulator.ActiveCfg = Debug|Any CPU
		{5B01A240-9EF7-46B6-B9DC-EB9609224D09}.Debug|iPhoneSimulator.Build.0 = Debug|Any CPU
		{5B01A240-9EF7-46B6-B9DC-EB9609224D09}.Debug|x64.ActiveCfg = Debug|Any CPU
		{5B01A240-9EF7-46B6-B9DC-EB9609224D09}.Debug|x64.Build.0 = Debug|Any CPU
		{5B01A240-9EF7-46B6-B9DC-EB9609224D09}.Debug|x86.ActiveCfg = Debug|Any CPU
		{5B01A240-9EF7-46B6-B9DC-EB9609224D09}.Debug|x86.Build.0 = Debug|Any CPU
		{5B01A240-9EF7-46B6-B9DC-EB9609224D09}.Release|Any CPU.ActiveCfg = Release|Any CPU
		{5B01A240-9EF7-46B6-B9DC-EB9609224D09}.Release|Any CPU.Build.0 = Release|Any CPU
		{5B01A240-9EF7-46B6-B9DC-EB9609224D09}.Release|ARM.ActiveCfg = Release|Any CPU
		{5B01A240-9EF7-46B6-B9DC-EB9609224D09}.Release|ARM.Build.0 = Release|Any CPU
		{5B01A240-9EF7-46B6-B9DC-EB9609224D09}.Release|iPhone.ActiveCfg = Release|Any CPU
		{5B01A240-9EF7-46B6-B9DC-EB9609224D09}.Release|iPhone.Build.0 = Release|Any CPU
		{5B01A240-9EF7-46B6-B9DC-EB9609224D09}.Release|iPhoneSimulator.ActiveCfg = Release|Any CPU
		{5B01A240-9EF7-46B6-B9DC-EB9609224D09}.Release|iPhoneSimulator.Build.0 = Release|Any CPU
		{5B01A240-9EF7-46B6-B9DC-EB9609224D09}.Release|x64.ActiveCfg = Release|Any CPU
		{5B01A240-9EF7-46B6-B9DC-EB9609224D09}.Release|x64.Build.0 = Release|Any CPU
		{5B01A240-9EF7-46B6-B9DC-EB9609224D09}.Release|x86.ActiveCfg = Release|Any CPU
		{5B01A240-9EF7-46B6-B9DC-EB9609224D09}.Release|x86.Build.0 = Release|Any CPU
		{F9FD304B-5CB4-4E3A-87E1-8561A4C0D1A5}.Ad-Hoc|Any CPU.ActiveCfg = Release|x86
		{F9FD304B-5CB4-4E3A-87E1-8561A4C0D1A5}.Ad-Hoc|Any CPU.Build.0 = Release|x86
		{F9FD304B-5CB4-4E3A-87E1-8561A4C0D1A5}.Ad-Hoc|Any CPU.Deploy.0 = Release|x86
		{F9FD304B-5CB4-4E3A-87E1-8561A4C0D1A5}.Ad-Hoc|ARM.ActiveCfg = Release|ARM
		{F9FD304B-5CB4-4E3A-87E1-8561A4C0D1A5}.Ad-Hoc|ARM.Build.0 = Release|ARM
		{F9FD304B-5CB4-4E3A-87E1-8561A4C0D1A5}.Ad-Hoc|ARM.Deploy.0 = Release|ARM
		{F9FD304B-5CB4-4E3A-87E1-8561A4C0D1A5}.Ad-Hoc|iPhone.ActiveCfg = Release|x86
		{F9FD304B-5CB4-4E3A-87E1-8561A4C0D1A5}.Ad-Hoc|iPhone.Build.0 = Release|x86
		{F9FD304B-5CB4-4E3A-87E1-8561A4C0D1A5}.Ad-Hoc|iPhone.Deploy.0 = Release|x86
		{F9FD304B-5CB4-4E3A-87E1-8561A4C0D1A5}.Ad-Hoc|iPhoneSimulator.ActiveCfg = Release|x86
		{F9FD304B-5CB4-4E3A-87E1-8561A4C0D1A5}.Ad-Hoc|iPhoneSimulator.Build.0 = Release|x86
		{F9FD304B-5CB4-4E3A-87E1-8561A4C0D1A5}.Ad-Hoc|iPhoneSimulator.Deploy.0 = Release|x86
		{F9FD304B-5CB4-4E3A-87E1-8561A4C0D1A5}.Ad-Hoc|x64.ActiveCfg = Release|x64
		{F9FD304B-5CB4-4E3A-87E1-8561A4C0D1A5}.Ad-Hoc|x64.Build.0 = Release|x64
		{F9FD304B-5CB4-4E3A-87E1-8561A4C0D1A5}.Ad-Hoc|x64.Deploy.0 = Release|x64
		{F9FD304B-5CB4-4E3A-87E1-8561A4C0D1A5}.Ad-Hoc|x86.ActiveCfg = Release|x86
		{F9FD304B-5CB4-4E3A-87E1-8561A4C0D1A5}.Ad-Hoc|x86.Build.0 = Release|x86
		{F9FD304B-5CB4-4E3A-87E1-8561A4C0D1A5}.Ad-Hoc|x86.Deploy.0 = Release|x86
		{F9FD304B-5CB4-4E3A-87E1-8561A4C0D1A5}.AppStore|Any CPU.ActiveCfg = Release|x86
		{F9FD304B-5CB4-4E3A-87E1-8561A4C0D1A5}.AppStore|Any CPU.Build.0 = Release|x86
		{F9FD304B-5CB4-4E3A-87E1-8561A4C0D1A5}.AppStore|Any CPU.Deploy.0 = Release|x86
		{F9FD304B-5CB4-4E3A-87E1-8561A4C0D1A5}.AppStore|ARM.ActiveCfg = Release|ARM
		{F9FD304B-5CB4-4E3A-87E1-8561A4C0D1A5}.AppStore|ARM.Build.0 = Release|ARM
		{F9FD304B-5CB4-4E3A-87E1-8561A4C0D1A5}.AppStore|ARM.Deploy.0 = Release|ARM
		{F9FD304B-5CB4-4E3A-87E1-8561A4C0D1A5}.AppStore|iPhone.ActiveCfg = Release|x86
		{F9FD304B-5CB4-4E3A-87E1-8561A4C0D1A5}.AppStore|iPhone.Build.0 = Release|x86
		{F9FD304B-5CB4-4E3A-87E1-8561A4C0D1A5}.AppStore|iPhone.Deploy.0 = Release|x86
		{F9FD304B-5CB4-4E3A-87E1-8561A4C0D1A5}.AppStore|iPhoneSimulator.ActiveCfg = Release|x86
		{F9FD304B-5CB4-4E3A-87E1-8561A4C0D1A5}.AppStore|iPhoneSimulator.Build.0 = Release|x86
		{F9FD304B-5CB4-4E3A-87E1-8561A4C0D1A5}.AppStore|iPhoneSimulator.Deploy.0 = Release|x86
		{F9FD304B-5CB4-4E3A-87E1-8561A4C0D1A5}.AppStore|x64.ActiveCfg = Release|x64
		{F9FD304B-5CB4-4E3A-87E1-8561A4C0D1A5}.AppStore|x64.Build.0 = Release|x64
		{F9FD304B-5CB4-4E3A-87E1-8561A4C0D1A5}.AppStore|x64.Deploy.0 = Release|x64
		{F9FD304B-5CB4-4E3A-87E1-8561A4C0D1A5}.AppStore|x86.ActiveCfg = Release|x86
		{F9FD304B-5CB4-4E3A-87E1-8561A4C0D1A5}.AppStore|x86.Build.0 = Release|x86
		{F9FD304B-5CB4-4E3A-87E1-8561A4C0D1A5}.AppStore|x86.Deploy.0 = Release|x86
		{F9FD304B-5CB4-4E3A-87E1-8561A4C0D1A5}.Debug|Any CPU.ActiveCfg = Debug|x86
		{F9FD304B-5CB4-4E3A-87E1-8561A4C0D1A5}.Debug|ARM.ActiveCfg = Debug|ARM
		{F9FD304B-5CB4-4E3A-87E1-8561A4C0D1A5}.Debug|ARM.Build.0 = Debug|ARM
		{F9FD304B-5CB4-4E3A-87E1-8561A4C0D1A5}.Debug|ARM.Deploy.0 = Debug|ARM
		{F9FD304B-5CB4-4E3A-87E1-8561A4C0D1A5}.Debug|iPhone.ActiveCfg = Debug|x86
		{F9FD304B-5CB4-4E3A-87E1-8561A4C0D1A5}.Debug|iPhoneSimulator.ActiveCfg = Debug|x86
		{F9FD304B-5CB4-4E3A-87E1-8561A4C0D1A5}.Debug|x64.ActiveCfg = Debug|x64
		{F9FD304B-5CB4-4E3A-87E1-8561A4C0D1A5}.Debug|x64.Build.0 = Debug|x64
		{F9FD304B-5CB4-4E3A-87E1-8561A4C0D1A5}.Debug|x64.Deploy.0 = Debug|x64
		{F9FD304B-5CB4-4E3A-87E1-8561A4C0D1A5}.Debug|x86.ActiveCfg = Debug|x86
		{F9FD304B-5CB4-4E3A-87E1-8561A4C0D1A5}.Debug|x86.Build.0 = Debug|x86
		{F9FD304B-5CB4-4E3A-87E1-8561A4C0D1A5}.Debug|x86.Deploy.0 = Debug|x86
		{F9FD304B-5CB4-4E3A-87E1-8561A4C0D1A5}.Release|Any CPU.ActiveCfg = Release|x86
		{F9FD304B-5CB4-4E3A-87E1-8561A4C0D1A5}.Release|ARM.ActiveCfg = Release|ARM
		{F9FD304B-5CB4-4E3A-87E1-8561A4C0D1A5}.Release|ARM.Build.0 = Release|ARM
		{F9FD304B-5CB4-4E3A-87E1-8561A4C0D1A5}.Release|ARM.Deploy.0 = Release|ARM
		{F9FD304B-5CB4-4E3A-87E1-8561A4C0D1A5}.Release|iPhone.ActiveCfg = Release|x86
		{F9FD304B-5CB4-4E3A-87E1-8561A4C0D1A5}.Release|iPhoneSimulator.ActiveCfg = Release|x86
		{F9FD304B-5CB4-4E3A-87E1-8561A4C0D1A5}.Release|x64.ActiveCfg = Release|x64
		{F9FD304B-5CB4-4E3A-87E1-8561A4C0D1A5}.Release|x64.Build.0 = Release|x64
		{F9FD304B-5CB4-4E3A-87E1-8561A4C0D1A5}.Release|x64.Deploy.0 = Release|x64
		{F9FD304B-5CB4-4E3A-87E1-8561A4C0D1A5}.Release|x86.ActiveCfg = Release|x86
		{F9FD304B-5CB4-4E3A-87E1-8561A4C0D1A5}.Release|x86.Build.0 = Release|x86
		{F9FD304B-5CB4-4E3A-87E1-8561A4C0D1A5}.Release|x86.Deploy.0 = Release|x86
		{C7E13EB3-1FC3-4921-8344-9A7A991D52F4}.Ad-Hoc|Any CPU.ActiveCfg = Ad-Hoc|iPhone
		{C7E13EB3-1FC3-4921-8344-9A7A991D52F4}.Ad-Hoc|ARM.ActiveCfg = Ad-Hoc|iPhone
		{C7E13EB3-1FC3-4921-8344-9A7A991D52F4}.Ad-Hoc|iPhone.ActiveCfg = Ad-Hoc|iPhone
		{C7E13EB3-1FC3-4921-8344-9A7A991D52F4}.Ad-Hoc|iPhone.Build.0 = Ad-Hoc|iPhone
		{C7E13EB3-1FC3-4921-8344-9A7A991D52F4}.Ad-Hoc|iPhoneSimulator.ActiveCfg = Ad-Hoc|iPhoneSimulator
		{C7E13EB3-1FC3-4921-8344-9A7A991D52F4}.Ad-Hoc|iPhoneSimulator.Build.0 = Ad-Hoc|iPhoneSimulator
		{C7E13EB3-1FC3-4921-8344-9A7A991D52F4}.Ad-Hoc|x64.ActiveCfg = Ad-Hoc|iPhone
		{C7E13EB3-1FC3-4921-8344-9A7A991D52F4}.Ad-Hoc|x86.ActiveCfg = Ad-Hoc|iPhone
		{C7E13EB3-1FC3-4921-8344-9A7A991D52F4}.AppStore|Any CPU.ActiveCfg = AppStore|iPhone
		{C7E13EB3-1FC3-4921-8344-9A7A991D52F4}.AppStore|ARM.ActiveCfg = AppStore|iPhone
		{C7E13EB3-1FC3-4921-8344-9A7A991D52F4}.AppStore|iPhone.ActiveCfg = AppStore|iPhone
		{C7E13EB3-1FC3-4921-8344-9A7A991D52F4}.AppStore|iPhone.Build.0 = AppStore|iPhone
		{C7E13EB3-1FC3-4921-8344-9A7A991D52F4}.AppStore|iPhoneSimulator.ActiveCfg = AppStore|iPhoneSimulator
		{C7E13EB3-1FC3-4921-8344-9A7A991D52F4}.AppStore|iPhoneSimulator.Build.0 = AppStore|iPhoneSimulator
		{C7E13EB3-1FC3-4921-8344-9A7A991D52F4}.AppStore|x64.ActiveCfg = AppStore|iPhone
		{C7E13EB3-1FC3-4921-8344-9A7A991D52F4}.AppStore|x86.ActiveCfg = AppStore|iPhone
		{C7E13EB3-1FC3-4921-8344-9A7A991D52F4}.Debug|Any CPU.ActiveCfg = Debug|iPhone
		{C7E13EB3-1FC3-4921-8344-9A7A991D52F4}.Debug|ARM.ActiveCfg = Debug|iPhone
		{C7E13EB3-1FC3-4921-8344-9A7A991D52F4}.Debug|iPhone.ActiveCfg = Debug|iPhone
		{C7E13EB3-1FC3-4921-8344-9A7A991D52F4}.Debug|iPhone.Build.0 = Debug|iPhone
		{C7E13EB3-1FC3-4921-8344-9A7A991D52F4}.Debug|iPhoneSimulator.ActiveCfg = Debug|iPhoneSimulator
		{C7E13EB3-1FC3-4921-8344-9A7A991D52F4}.Debug|iPhoneSimulator.Build.0 = Debug|iPhoneSimulator
		{C7E13EB3-1FC3-4921-8344-9A7A991D52F4}.Debug|x64.ActiveCfg = Debug|iPhone
		{C7E13EB3-1FC3-4921-8344-9A7A991D52F4}.Debug|x86.ActiveCfg = Debug|iPhone
		{C7E13EB3-1FC3-4921-8344-9A7A991D52F4}.Release|Any CPU.ActiveCfg = Release|iPhone
		{C7E13EB3-1FC3-4921-8344-9A7A991D52F4}.Release|ARM.ActiveCfg = Release|iPhone
		{C7E13EB3-1FC3-4921-8344-9A7A991D52F4}.Release|iPhone.ActiveCfg = Release|iPhone
		{C7E13EB3-1FC3-4921-8344-9A7A991D52F4}.Release|iPhone.Build.0 = Release|iPhone
		{C7E13EB3-1FC3-4921-8344-9A7A991D52F4}.Release|iPhoneSimulator.ActiveCfg = Release|iPhoneSimulator
		{C7E13EB3-1FC3-4921-8344-9A7A991D52F4}.Release|iPhoneSimulator.Build.0 = Release|iPhoneSimulator
		{C7E13EB3-1FC3-4921-8344-9A7A991D52F4}.Release|x64.ActiveCfg = Release|iPhone
		{C7E13EB3-1FC3-4921-8344-9A7A991D52F4}.Release|x86.ActiveCfg = Release|iPhone
		{F6F27242-5102-4376-863D-9FE19353868B}.Ad-Hoc|Any CPU.ActiveCfg = Release|x64
		{F6F27242-5102-4376-863D-9FE19353868B}.Ad-Hoc|Any CPU.Build.0 = Release|x64
		{F6F27242-5102-4376-863D-9FE19353868B}.Ad-Hoc|Any CPU.Deploy.0 = Release|x64
		{F6F27242-5102-4376-863D-9FE19353868B}.Ad-Hoc|ARM.ActiveCfg = Release|ARM
		{F6F27242-5102-4376-863D-9FE19353868B}.Ad-Hoc|ARM.Build.0 = Release|ARM
		{F6F27242-5102-4376-863D-9FE19353868B}.Ad-Hoc|ARM.Deploy.0 = Release|ARM
		{F6F27242-5102-4376-863D-9FE19353868B}.Ad-Hoc|iPhone.ActiveCfg = Release|x64
		{F6F27242-5102-4376-863D-9FE19353868B}.Ad-Hoc|iPhone.Build.0 = Release|x64
		{F6F27242-5102-4376-863D-9FE19353868B}.Ad-Hoc|iPhone.Deploy.0 = Release|x64
		{F6F27242-5102-4376-863D-9FE19353868B}.Ad-Hoc|iPhoneSimulator.ActiveCfg = Release|x64
		{F6F27242-5102-4376-863D-9FE19353868B}.Ad-Hoc|iPhoneSimulator.Build.0 = Release|x64
		{F6F27242-5102-4376-863D-9FE19353868B}.Ad-Hoc|iPhoneSimulator.Deploy.0 = Release|x64
		{F6F27242-5102-4376-863D-9FE19353868B}.Ad-Hoc|x64.ActiveCfg = Release|x64
		{F6F27242-5102-4376-863D-9FE19353868B}.Ad-Hoc|x64.Build.0 = Release|x64
		{F6F27242-5102-4376-863D-9FE19353868B}.Ad-Hoc|x64.Deploy.0 = Release|x64
		{F6F27242-5102-4376-863D-9FE19353868B}.Ad-Hoc|x86.ActiveCfg = Release|x86
		{F6F27242-5102-4376-863D-9FE19353868B}.Ad-Hoc|x86.Build.0 = Release|x86
		{F6F27242-5102-4376-863D-9FE19353868B}.Ad-Hoc|x86.Deploy.0 = Release|x86
		{F6F27242-5102-4376-863D-9FE19353868B}.AppStore|Any CPU.ActiveCfg = Release|x64
		{F6F27242-5102-4376-863D-9FE19353868B}.AppStore|Any CPU.Build.0 = Release|x64
		{F6F27242-5102-4376-863D-9FE19353868B}.AppStore|Any CPU.Deploy.0 = Release|x64
		{F6F27242-5102-4376-863D-9FE19353868B}.AppStore|ARM.ActiveCfg = Release|ARM
		{F6F27242-5102-4376-863D-9FE19353868B}.AppStore|ARM.Build.0 = Release|ARM
		{F6F27242-5102-4376-863D-9FE19353868B}.AppStore|ARM.Deploy.0 = Release|ARM
		{F6F27242-5102-4376-863D-9FE19353868B}.AppStore|iPhone.ActiveCfg = Release|x64
		{F6F27242-5102-4376-863D-9FE19353868B}.AppStore|iPhone.Build.0 = Release|x64
		{F6F27242-5102-4376-863D-9FE19353868B}.AppStore|iPhone.Deploy.0 = Release|x64
		{F6F27242-5102-4376-863D-9FE19353868B}.AppStore|iPhoneSimulator.ActiveCfg = Release|x64
		{F6F27242-5102-4376-863D-9FE19353868B}.AppStore|iPhoneSimulator.Build.0 = Release|x64
		{F6F27242-5102-4376-863D-9FE19353868B}.AppStore|iPhoneSimulator.Deploy.0 = Release|x64
		{F6F27242-5102-4376-863D-9FE19353868B}.AppStore|x64.ActiveCfg = Release|x64
		{F6F27242-5102-4376-863D-9FE19353868B}.AppStore|x64.Build.0 = Release|x64
		{F6F27242-5102-4376-863D-9FE19353868B}.AppStore|x64.Deploy.0 = Release|x64
		{F6F27242-5102-4376-863D-9FE19353868B}.AppStore|x86.ActiveCfg = Release|x86
		{F6F27242-5102-4376-863D-9FE19353868B}.AppStore|x86.Build.0 = Release|x86
		{F6F27242-5102-4376-863D-9FE19353868B}.AppStore|x86.Deploy.0 = Release|x86
		{F6F27242-5102-4376-863D-9FE19353868B}.Debug|Any CPU.ActiveCfg = Debug|x86
		{F6F27242-5102-4376-863D-9FE19353868B}.Debug|ARM.ActiveCfg = Debug|ARM
		{F6F27242-5102-4376-863D-9FE19353868B}.Debug|ARM.Build.0 = Debug|ARM
		{F6F27242-5102-4376-863D-9FE19353868B}.Debug|ARM.Deploy.0 = Debug|ARM
		{F6F27242-5102-4376-863D-9FE19353868B}.Debug|iPhone.ActiveCfg = Debug|x86
		{F6F27242-5102-4376-863D-9FE19353868B}.Debug|iPhoneSimulator.ActiveCfg = Debug|x86
		{F6F27242-5102-4376-863D-9FE19353868B}.Debug|x64.ActiveCfg = Debug|x64
		{F6F27242-5102-4376-863D-9FE19353868B}.Debug|x64.Build.0 = Debug|x64
		{F6F27242-5102-4376-863D-9FE19353868B}.Debug|x64.Deploy.0 = Debug|x64
		{F6F27242-5102-4376-863D-9FE19353868B}.Debug|x86.ActiveCfg = Debug|x86
		{F6F27242-5102-4376-863D-9FE19353868B}.Debug|x86.Build.0 = Debug|x86
		{F6F27242-5102-4376-863D-9FE19353868B}.Debug|x86.Deploy.0 = Debug|x86
		{F6F27242-5102-4376-863D-9FE19353868B}.Release|Any CPU.ActiveCfg = Release|x86
		{F6F27242-5102-4376-863D-9FE19353868B}.Release|ARM.ActiveCfg = Release|ARM
		{F6F27242-5102-4376-863D-9FE19353868B}.Release|ARM.Build.0 = Release|ARM
		{F6F27242-5102-4376-863D-9FE19353868B}.Release|ARM.Deploy.0 = Release|ARM
		{F6F27242-5102-4376-863D-9FE19353868B}.Release|iPhone.ActiveCfg = Release|x86
		{F6F27242-5102-4376-863D-9FE19353868B}.Release|iPhoneSimulator.ActiveCfg = Release|x86
		{F6F27242-5102-4376-863D-9FE19353868B}.Release|x64.ActiveCfg = Release|x64
		{F6F27242-5102-4376-863D-9FE19353868B}.Release|x64.Build.0 = Release|x64
		{F6F27242-5102-4376-863D-9FE19353868B}.Release|x64.Deploy.0 = Release|x64
		{F6F27242-5102-4376-863D-9FE19353868B}.Release|x86.ActiveCfg = Release|x86
		{F6F27242-5102-4376-863D-9FE19353868B}.Release|x86.Build.0 = Release|x86
		{F6F27242-5102-4376-863D-9FE19353868B}.Release|x86.Deploy.0 = Release|x86
	EndGlobalSection
	GlobalSection(SolutionProperties) = preSolution
		HideSolutionNode = FALSE
	EndGlobalSection
	GlobalSection(NestedProjects) = preSolution
		{D4E3FFEE-4CC9-4F7E-AAD8-FB7CEDF1C391} = {7B028028-03E8-4E95-8DB9-CE1343857679}
		{5B01A240-9EF7-46B6-B9DC-EB9609224D09} = {7B028028-03E8-4E95-8DB9-CE1343857679}
		{F9FD304B-5CB4-4E3A-87E1-8561A4C0D1A5} = {7B028028-03E8-4E95-8DB9-CE1343857679}
		{C7E13EB3-1FC3-4921-8344-9A7A991D52F4} = {7B028028-03E8-4E95-8DB9-CE1343857679}
		{F6F27242-5102-4376-863D-9FE19353868B} = {D6952F5B-E043-4DB0-BB1A-7F2777134F24}
	EndGlobalSection
	GlobalSection(ExtensibilityGlobals) = postSolution
		SolutionGuid = {686224F3-EC6E-4B07-908F-92A5BA53CDD2}
	EndGlobalSection
EndGlobal
